// !$*UTF8*$!
{
	archiveVersion = 1;
	classes = {
	};
	objectVersion = 46;
	objects = {

/* Begin PBXBuildFile section */
		0BFA99981C26EB1500D2CE2D /* TVButton.framework in Frameworks */ = {isa = PBXBuildFile; fileRef = 0BFA99971C26EB1500D2CE2D /* TVButton.framework */; };
		0BFA999A1C26EB2000D2CE2D /* UITextField_Shake.framework in Frameworks */ = {isa = PBXBuildFile; fileRef = 0BFA99991C26EB2000D2CE2D /* UITextField_Shake.framework */; };
		0BFA999C1C26ED1800D2CE2D /* TextFieldsEffects.swift in Sources */ = {isa = PBXBuildFile; fileRef = 0BFA999B1C26ED1800D2CE2D /* TextFieldsEffects.swift */; };
		0BFA999E1C26ED6800D2CE2D /* HighlightedTextField.swift in Sources */ = {isa = PBXBuildFile; fileRef = 0BFA999D1C26ED6800D2CE2D /* HighlightedTextField.swift */; };
		0BFA99A01C26EE0900D2CE2D /* CoverViewController.swift in Sources */ = {isa = PBXBuildFile; fileRef = 0BFA999F1C26EE0900D2CE2D /* CoverViewController.swift */; };
		0BFA99B71C26F1AF00D2CE2D /* ChartCoordsSpace.swift in Sources */ = {isa = PBXBuildFile; fileRef = 0BFA99B31C26F1AF00D2CE2D /* ChartCoordsSpace.swift */; };
		0BFA99B81C26F1AF00D2CE2D /* ChartLineModel.swift in Sources */ = {isa = PBXBuildFile; fileRef = 0BFA99B41C26F1AF00D2CE2D /* ChartLineModel.swift */; };
		0BFA99B91C26F1AF00D2CE2D /* ChartUtils.swift in Sources */ = {isa = PBXBuildFile; fileRef = 0BFA99B51C26F1AF00D2CE2D /* ChartUtils.swift */; };
		0BFA99C51C26F1DF00D2CE2D /* ChartAxisLabel.swift in Sources */ = {isa = PBXBuildFile; fileRef = 0BFA99BA1C26F1DF00D2CE2D /* ChartAxisLabel.swift */; };
		0BFA99C61C26F1DF00D2CE2D /* ChartAxisLayer.swift in Sources */ = {isa = PBXBuildFile; fileRef = 0BFA99BB1C26F1DF00D2CE2D /* ChartAxisLayer.swift */; };
		0BFA99C71C26F1DF00D2CE2D /* ChartAxisLayerDefault.swift in Sources */ = {isa = PBXBuildFile; fileRef = 0BFA99BC1C26F1DF00D2CE2D /* ChartAxisLayerDefault.swift */; };
		0BFA99C81C26F1DF00D2CE2D /* ChartAxisModel.swift in Sources */ = {isa = PBXBuildFile; fileRef = 0BFA99BD1C26F1DF00D2CE2D /* ChartAxisModel.swift */; };
		0BFA99C91C26F1DF00D2CE2D /* ChartAxisValuesGenerator.swift in Sources */ = {isa = PBXBuildFile; fileRef = 0BFA99BE1C26F1DF00D2CE2D /* ChartAxisValuesGenerator.swift */; };
		0BFA99CA1C26F1DF00D2CE2D /* ChartAxisXHighLayerDefault.swift in Sources */ = {isa = PBXBuildFile; fileRef = 0BFA99BF1C26F1DF00D2CE2D /* ChartAxisXHighLayerDefault.swift */; };
		0BFA99CB1C26F1DF00D2CE2D /* ChartAxisXLayerDefault.swift in Sources */ = {isa = PBXBuildFile; fileRef = 0BFA99C01C26F1DF00D2CE2D /* ChartAxisXLayerDefault.swift */; };
		0BFA99CC1C26F1DF00D2CE2D /* ChartAxisXLowLayerDefault.swift in Sources */ = {isa = PBXBuildFile; fileRef = 0BFA99C11C26F1DF00D2CE2D /* ChartAxisXLowLayerDefault.swift */; };
		0BFA99CD1C26F1DF00D2CE2D /* ChartAxisYHighLayerDefault.swift in Sources */ = {isa = PBXBuildFile; fileRef = 0BFA99C21C26F1DF00D2CE2D /* ChartAxisYHighLayerDefault.swift */; };
		0BFA99CE1C26F1DF00D2CE2D /* ChartAxisYLayerDefault.swift in Sources */ = {isa = PBXBuildFile; fileRef = 0BFA99C31C26F1DF00D2CE2D /* ChartAxisYLayerDefault.swift */; };
		0BFA99CF1C26F1DF00D2CE2D /* ChartAxisYLowLayerDefault.swift in Sources */ = {isa = PBXBuildFile; fileRef = 0BFA99C41C26F1DF00D2CE2D /* ChartAxisYLowLayerDefault.swift */; };
		0BFA99D21C26F1FB00D2CE2D /* ChartAxisValue.swift in Sources */ = {isa = PBXBuildFile; fileRef = 0BFA99D01C26F1FB00D2CE2D /* ChartAxisValue.swift */; };
		0BFA99D31C26F1FB00D2CE2D /* ChartAxisValueDouble.swift in Sources */ = {isa = PBXBuildFile; fileRef = 0BFA99D11C26F1FB00D2CE2D /* ChartAxisValueDouble.swift */; };
		0BFA99D51C26F21300D2CE2D /* ChartPoint.swift in Sources */ = {isa = PBXBuildFile; fileRef = 0BFA99D41C26F21300D2CE2D /* ChartPoint.swift */; };
		0BFA99DA1C26F22700D2CE2D /* ChartContextDrawer.swift in Sources */ = {isa = PBXBuildFile; fileRef = 0BFA99D61C26F22700D2CE2D /* ChartContextDrawer.swift */; };
		0BFA99DB1C26F22700D2CE2D /* ChartDrawerFunctions.swift in Sources */ = {isa = PBXBuildFile; fileRef = 0BFA99D71C26F22700D2CE2D /* ChartDrawerFunctions.swift */; };
		0BFA99DC1C26F22700D2CE2D /* ChartLabelDrawer.swift in Sources */ = {isa = PBXBuildFile; fileRef = 0BFA99D81C26F22700D2CE2D /* ChartLabelDrawer.swift */; };
		0BFA99DD1C26F22700D2CE2D /* ChartLineDrawer.swift in Sources */ = {isa = PBXBuildFile; fileRef = 0BFA99D91C26F22700D2CE2D /* ChartLineDrawer.swift */; };
		0BFA99E51C26F26600D2CE2D /* ChartCoordsSpaceLayer.swift in Sources */ = {isa = PBXBuildFile; fileRef = 0BFA99DE1C26F26600D2CE2D /* ChartCoordsSpaceLayer.swift */; };
		0BFA99E61C26F26600D2CE2D /* ChartGuideLinesLayer.swift in Sources */ = {isa = PBXBuildFile; fileRef = 0BFA99DF1C26F26600D2CE2D /* ChartGuideLinesLayer.swift */; };
		0BFA99E71C26F26600D2CE2D /* ChartLayer.swift in Sources */ = {isa = PBXBuildFile; fileRef = 0BFA99E01C26F26600D2CE2D /* ChartLayer.swift */; };
		0BFA99E81C26F26600D2CE2D /* ChartLayerBase.swift in Sources */ = {isa = PBXBuildFile; fileRef = 0BFA99E11C26F26600D2CE2D /* ChartLayerBase.swift */; };
		0BFA99E91C26F26600D2CE2D /* ChartPointsLayer.swift in Sources */ = {isa = PBXBuildFile; fileRef = 0BFA99E21C26F26600D2CE2D /* ChartPointsLayer.swift */; };
		0BFA99EA1C26F26600D2CE2D /* ChartPointsLineLayer.swift in Sources */ = {isa = PBXBuildFile; fileRef = 0BFA99E31C26F26600D2CE2D /* ChartPointsLineLayer.swift */; };
		0BFA99EB1C26F26600D2CE2D /* ChartPointsLineTrackerLayer.swift in Sources */ = {isa = PBXBuildFile; fileRef = 0BFA99E41C26F26600D2CE2D /* ChartPointsLineTrackerLayer.swift */; };
		0BFA99EE1C26F28900D2CE2D /* ChartLinesView.swift in Sources */ = {isa = PBXBuildFile; fileRef = 0BFA99EC1C26F28900D2CE2D /* ChartLinesView.swift */; };
		0BFA99EF1C26F28900D2CE2D /* StraightLinePathGenerator.swift in Sources */ = {isa = PBXBuildFile; fileRef = 0BFA99ED1C26F28900D2CE2D /* StraightLinePathGenerator.swift */; };
		0BFA99F11C26F2C200D2CE2D /* Env.swift in Sources */ = {isa = PBXBuildFile; fileRef = 0BFA99F01C26F2C200D2CE2D /* Env.swift */; };
		0BFA99F31C26F2D700D2CE2D /* GraphSettings.swift in Sources */ = {isa = PBXBuildFile; fileRef = 0BFA99F21C26F2D700D2CE2D /* GraphSettings.swift */; };
		0BFA99F51C26F2F800D2CE2D /* DatasetCalculator.swift in Sources */ = {isa = PBXBuildFile; fileRef = 0BFA99F41C26F2F800D2CE2D /* DatasetCalculator.swift */; };
		0BFA99F71C26F39500D2CE2D /* CustomPointsLayer.swift in Sources */ = {isa = PBXBuildFile; fileRef = 0BFA99F61C26F39500D2CE2D /* CustomPointsLayer.swift */; };
		0BFA99F91C26F3B900D2CE2D /* CustomLineTrackerLayer.swift in Sources */ = {isa = PBXBuildFile; fileRef = 0BFA99F81C26F3B900D2CE2D /* CustomLineTrackerLayer.swift */; };
		0BFA99FB1C26F3D200D2CE2D /* GraphViewController.swift in Sources */ = {isa = PBXBuildFile; fileRef = 0BFA99FA1C26F3D200D2CE2D /* GraphViewController.swift */; };
		0BFA99FD1C26F6E500D2CE2D /* Chart.swift in Sources */ = {isa = PBXBuildFile; fileRef = 0BFA99FC1C26F6E500D2CE2D /* Chart.swift */; };
		F418C34F1C160EF00063A112 /* AppDelegate.swift in Sources */ = {isa = PBXBuildFile; fileRef = F418C34E1C160EF00063A112 /* AppDelegate.swift */; };
		F418C3591C160EF00063A112 /* LaunchScreen.storyboard in Resources */ = {isa = PBXBuildFile; fileRef = F418C3571C160EF00063A112 /* LaunchScreen.storyboard */; };
		F418C3641C160EF00063A112 /* MyAppTests.swift in Sources */ = {isa = PBXBuildFile; fileRef = F418C3631C160EF00063A112 /* MyAppTests.swift */; };
		F418C36F1C160EF00063A112 /* MyAppUITests.swift in Sources */ = {isa = PBXBuildFile; fileRef = F418C36E1C160EF00063A112 /* MyAppUITests.swift */; };
		F418CB821C1610780063A112 /* Cartfile in Resources */ = {isa = PBXBuildFile; fileRef = F418CB811C1610780063A112 /* Cartfile */; };
		F418CB911C16179A0063A112 /* Kanna.framework in Frameworks */ = {isa = PBXBuildFile; fileRef = F418CB8F1C16179A0063A112 /* Kanna.framework */; };
		F418CB921C16179A0063A112 /* CollapsableTable.framework in Frameworks */ = {isa = PBXBuildFile; fileRef = F418CB901C16179A0063A112 /* CollapsableTable.framework */; };
		F418CB991C16191F0063A112 /* MenuModelBuilder.swift in Sources */ = {isa = PBXBuildFile; fileRef = F418CB981C16191F0063A112 /* MenuModelBuilder.swift */; };
		F418CB9B1C16192B0063A112 /* MenuSectionHeader.swift in Sources */ = {isa = PBXBuildFile; fileRef = F418CB9A1C16192B0063A112 /* MenuSectionHeader.swift */; };
		F418CB9D1C1619310063A112 /* MenuViewController.swift in Sources */ = {isa = PBXBuildFile; fileRef = F418CB9C1C1619310063A112 /* MenuViewController.swift */; };
		F418CB9F1C16194C0063A112 /* Main.storyboard in Resources */ = {isa = PBXBuildFile; fileRef = F418CB9E1C16194C0063A112 /* Main.storyboard */; };
		F418CBA11C1619690063A112 /* MenuSectionHeaderView.xib in Resources */ = {isa = PBXBuildFile; fileRef = F418CBA01C1619690063A112 /* MenuSectionHeaderView.xib */; };
		F418CBAA1C16C1AB0063A112 /* CollapsableTableProtocols.swift in Sources */ = {isa = PBXBuildFile; fileRef = F418CBA91C16C1AB0063A112 /* CollapsableTableProtocols.swift */; };
		F418CBAC1C16C1EF0063A112 /* CollapsableTableScene.swift in Sources */ = {isa = PBXBuildFile; fileRef = F418CBAB1C16C1EF0063A112 /* CollapsableTableScene.swift */; };
		F418CBB61C16E9AD0063A112 /* MatchListTableViewController.swift in Sources */ = {isa = PBXBuildFile; fileRef = F418CBB51C16E9AD0063A112 /* MatchListTableViewController.swift */; };
		F418CBB81C16E9CC0063A112 /* MatchTableViewCell.swift in Sources */ = {isa = PBXBuildFile; fileRef = F418CBB71C16E9CC0063A112 /* MatchTableViewCell.swift */; };
		F418CBBA1C16E9DF0063A112 /* Match.swift in Sources */ = {isa = PBXBuildFile; fileRef = F418CBB91C16E9DF0063A112 /* Match.swift */; };
		F418CBBC1C16EA010063A112 /* SoccerInformationModel.swift in Sources */ = {isa = PBXBuildFile; fileRef = F418CBBB1C16EA010063A112 /* SoccerInformationModel.swift */; };
		F418CBBE1C16EA060063A112 /* SingletonSoccerInformationModel.swift in Sources */ = {isa = PBXBuildFile; fileRef = F418CBBD1C16EA060063A112 /* SingletonSoccerInformationModel.swift */; };
		F418CBC01C16EA0F0063A112 /* ParserHtml.swift in Sources */ = {isa = PBXBuildFile; fileRef = F418CBBF1C16EA0F0063A112 /* ParserHtml.swift */; };
		F418CBC41C1727950063A112 /* MatchListRequest.swift in Sources */ = {isa = PBXBuildFile; fileRef = F418CBC31C1727950063A112 /* MatchListRequest.swift */; };
		F418CBC61C172A6A0063A112 /* StringForTheWebHelper.swift in Sources */ = {isa = PBXBuildFile; fileRef = F418CBC51C172A6A0063A112 /* StringForTheWebHelper.swift */; };
		F418CBD71C174C310063A112 /* RAMBounceAnimation.swift in Sources */ = {isa = PBXBuildFile; fileRef = F418CBCC1C174C310063A112 /* RAMBounceAnimation.swift */; };
		F418CBD81C174C310063A112 /* RAMFrameItemAnimation.swift in Sources */ = {isa = PBXBuildFile; fileRef = F418CBCE1C174C310063A112 /* RAMFrameItemAnimation.swift */; };
		F418CBD91C174C310063A112 /* RAMFumeAnimation.swift in Sources */ = {isa = PBXBuildFile; fileRef = F418CBD01C174C310063A112 /* RAMFumeAnimation.swift */; };
		F418CBDA1C174C310063A112 /* RAMRotationAnimation.swift in Sources */ = {isa = PBXBuildFile; fileRef = F418CBD21C174C310063A112 /* RAMRotationAnimation.swift */; };
		F418CBDB1C174C310063A112 /* RAMTransitionItemAnimation.swift in Sources */ = {isa = PBXBuildFile; fileRef = F418CBD41C174C310063A112 /* RAMTransitionItemAnimation.swift */; };
		F418CBDC1C174C310063A112 /* RAMAnimatedTabBarController.swift in Sources */ = {isa = PBXBuildFile; fileRef = F418CBD51C174C310063A112 /* RAMAnimatedTabBarController.swift */; };
		F418CBDD1C174C310063A112 /* RAMItemAnimationProtocol.swift in Sources */ = {isa = PBXBuildFile; fileRef = F418CBD61C174C310063A112 /* RAMItemAnimationProtocol.swift */; };
		F418CBE11C184A640063A112 /* CAPSPageMenu.swift in Sources */ = {isa = PBXBuildFile; fileRef = F418CBE01C184A640063A112 /* CAPSPageMenu.swift */; };
		F418CBE51C184AF60063A112 /* MatchOddsViewController.swift in Sources */ = {isa = PBXBuildFile; fileRef = F418CBE41C184AF60063A112 /* MatchOddsViewController.swift */; };
		F418CBE71C1868D50063A112 /* OddsModelBuilder.swift in Sources */ = {isa = PBXBuildFile; fileRef = F418CBE61C1868D50063A112 /* OddsModelBuilder.swift */; };
		F418CBE91C186ED10063A112 /* OddsViewController.swift in Sources */ = {isa = PBXBuildFile; fileRef = F418CBE81C186ED10063A112 /* OddsViewController.swift */; };
		F418CBF51C18B2B00063A112 /* OddsMenuSectionHeader.swift in Sources */ = {isa = PBXBuildFile; fileRef = F418CBF41C18B2B00063A112 /* OddsMenuSectionHeader.swift */; };
		F418CBF71C18D2DD0063A112 /* OddsMenuSectionHeaderView.xib in Resources */ = {isa = PBXBuildFile; fileRef = F418CBF61C18D2DD0063A112 /* OddsMenuSectionHeaderView.xib */; };
		F418CBF91C1983DF0063A112 /* OddsMatchHttpRequest.swift in Sources */ = {isa = PBXBuildFile; fileRef = F418CBF81C1983DF0063A112 /* OddsMatchHttpRequest.swift */; };
		F435ED961C1D7F4D004D8BAA /* Assets.xcassets in Resources */ = {isa = PBXBuildFile; fileRef = F435ED951C1D7F4D004D8BAA /* Assets.xcassets */; };
		F435EE811C1EC4B4004D8BAA /* AKPickerView.framework in Frameworks */ = {isa = PBXBuildFile; fileRef = F435EE801C1EC4B4004D8BAA /* AKPickerView.framework */; };
		F435EE831C1EC768004D8BAA /* AKPickerView.swift in Sources */ = {isa = PBXBuildFile; fileRef = F435EE821C1EC768004D8BAA /* AKPickerView.swift */; };
		F435EE851C1EC804004D8BAA /* BetViewController.swift in Sources */ = {isa = PBXBuildFile; fileRef = F435EE841C1EC804004D8BAA /* BetViewController.swift */; };
		F435EEC51C1F30B9004D8BAA /* BetTableViewCell.xib in Resources */ = {isa = PBXBuildFile; fileRef = F435EEC41C1F30B9004D8BAA /* BetTableViewCell.xib */; };
		F435EEC71C1F3187004D8BAA /* BetTableViewCell.swift in Sources */ = {isa = PBXBuildFile; fileRef = F435EEC61C1F3187004D8BAA /* BetTableViewCell.swift */; };
		F435EECF1C204DEE004D8BAA /* Bet.swift in Sources */ = {isa = PBXBuildFile; fileRef = F435EECE1C204DEE004D8BAA /* Bet.swift */; };
		F435EED11C207C37004D8BAA /* TabBarEnum.swift in Sources */ = {isa = PBXBuildFile; fileRef = F435EED01C207C37004D8BAA /* TabBarEnum.swift */; };
		F435EED51C21AC91004D8BAA /* BetEngineTableViewCell.xib in Resources */ = {isa = PBXBuildFile; fileRef = F435EED41C21AC91004D8BAA /* BetEngineTableViewCell.xib */; };
		F435EED71C21B5F6004D8BAA /* BetEngineTableViewCell.swift in Sources */ = {isa = PBXBuildFile; fileRef = F435EED61C21B5F6004D8BAA /* BetEngineTableViewCell.swift */; };
		F435EEDD1C24649B004D8BAA /* BetEngine.swift in Sources */ = {isa = PBXBuildFile; fileRef = F435EEDC1C24649B004D8BAA /* BetEngine.swift */; };
		F435EEE01C256A43004D8BAA /* SBPickerSelector.xib in Resources */ = {isa = PBXBuildFile; fileRef = F435EEDF1C256A43004D8BAA /* SBPickerSelector.xib */; };
		F435EEE41C256A59004D8BAA /* SBPickerSelector.m in Sources */ = {isa = PBXBuildFile; fileRef = F435EEE31C256A59004D8BAA /* SBPickerSelector.m */; };
		F440CCAA1C1B39D700BE9F08 /* OddsViewController.xib in Resources */ = {isa = PBXBuildFile; fileRef = F440CCA91C1B39D700BE9F08 /* OddsViewController.xib */; };
		F440CCAC1C1B3EB000BE9F08 /* OddsTableViewCell.xib in Resources */ = {isa = PBXBuildFile; fileRef = F440CCAB1C1B3EB000BE9F08 /* OddsTableViewCell.xib */; };
		F440CCAE1C1B3F5A00BE9F08 /* OddsTableViewCell.swift in Sources */ = {isa = PBXBuildFile; fileRef = F440CCAD1C1B3F5A00BE9F08 /* OddsTableViewCell.swift */; };
/* End PBXBuildFile section */

/* Begin PBXContainerItemProxy section */
		F418C3601C160EF00063A112 /* PBXContainerItemProxy */ = {
			isa = PBXContainerItemProxy;
			containerPortal = F418C3431C160EF00063A112 /* Project object */;
			proxyType = 1;
			remoteGlobalIDString = F418C34A1C160EF00063A112;
			remoteInfo = MyApp;
		};
		F418C36B1C160EF00063A112 /* PBXContainerItemProxy */ = {
			isa = PBXContainerItemProxy;
			containerPortal = F418C3431C160EF00063A112 /* Project object */;
			proxyType = 1;
			remoteGlobalIDString = F418C34A1C160EF00063A112;
			remoteInfo = MyApp;
		};
/* End PBXContainerItemProxy section */

/* Begin PBXFileReference section */
		0BFA99971C26EB1500D2CE2D /* TVButton.framework */ = {isa = PBXFileReference; lastKnownFileType = wrapper.framework; name = TVButton.framework; path = Carthage/Build/iOS/TVButton.framework; sourceTree = "<group>"; };
		0BFA99991C26EB2000D2CE2D /* UITextField_Shake.framework */ = {isa = PBXFileReference; lastKnownFileType = wrapper.framework; name = UITextField_Shake.framework; path = Carthage/Build/iOS/UITextField_Shake.framework; sourceTree = "<group>"; };
		0BFA999B1C26ED1800D2CE2D /* TextFieldsEffects.swift */ = {isa = PBXFileReference; fileEncoding = 4; lastKnownFileType = sourcecode.swift; path = TextFieldsEffects.swift; sourceTree = "<group>"; };
		0BFA999D1C26ED6800D2CE2D /* HighlightedTextField.swift */ = {isa = PBXFileReference; fileEncoding = 4; lastKnownFileType = sourcecode.swift; path = HighlightedTextField.swift; sourceTree = "<group>"; };
		0BFA999F1C26EE0900D2CE2D /* CoverViewController.swift */ = {isa = PBXFileReference; fileEncoding = 4; lastKnownFileType = sourcecode.swift; path = CoverViewController.swift; sourceTree = "<group>"; };
		0BFA99B31C26F1AF00D2CE2D /* ChartCoordsSpace.swift */ = {isa = PBXFileReference; fileEncoding = 4; lastKnownFileType = sourcecode.swift; name = ChartCoordsSpace.swift; path = Chart/ChartCoordsSpace.swift; sourceTree = "<group>"; };
		0BFA99B41C26F1AF00D2CE2D /* ChartLineModel.swift */ = {isa = PBXFileReference; fileEncoding = 4; lastKnownFileType = sourcecode.swift; name = ChartLineModel.swift; path = Chart/ChartLineModel.swift; sourceTree = "<group>"; };
		0BFA99B51C26F1AF00D2CE2D /* ChartUtils.swift */ = {isa = PBXFileReference; fileEncoding = 4; lastKnownFileType = sourcecode.swift; name = ChartUtils.swift; path = Chart/ChartUtils.swift; sourceTree = "<group>"; };
		0BFA99BA1C26F1DF00D2CE2D /* ChartAxisLabel.swift */ = {isa = PBXFileReference; fileEncoding = 4; lastKnownFileType = sourcecode.swift; name = ChartAxisLabel.swift; path = Chart/Axis/ChartAxisLabel.swift; sourceTree = "<group>"; };
		0BFA99BB1C26F1DF00D2CE2D /* ChartAxisLayer.swift */ = {isa = PBXFileReference; fileEncoding = 4; lastKnownFileType = sourcecode.swift; name = ChartAxisLayer.swift; path = Chart/Axis/ChartAxisLayer.swift; sourceTree = "<group>"; };
		0BFA99BC1C26F1DF00D2CE2D /* ChartAxisLayerDefault.swift */ = {isa = PBXFileReference; fileEncoding = 4; lastKnownFileType = sourcecode.swift; name = ChartAxisLayerDefault.swift; path = Chart/Axis/ChartAxisLayerDefault.swift; sourceTree = "<group>"; };
		0BFA99BD1C26F1DF00D2CE2D /* ChartAxisModel.swift */ = {isa = PBXFileReference; fileEncoding = 4; lastKnownFileType = sourcecode.swift; name = ChartAxisModel.swift; path = Chart/Axis/ChartAxisModel.swift; sourceTree = "<group>"; };
		0BFA99BE1C26F1DF00D2CE2D /* ChartAxisValuesGenerator.swift */ = {isa = PBXFileReference; fileEncoding = 4; lastKnownFileType = sourcecode.swift; name = ChartAxisValuesGenerator.swift; path = Chart/Axis/ChartAxisValuesGenerator.swift; sourceTree = "<group>"; };
		0BFA99BF1C26F1DF00D2CE2D /* ChartAxisXHighLayerDefault.swift */ = {isa = PBXFileReference; fileEncoding = 4; lastKnownFileType = sourcecode.swift; name = ChartAxisXHighLayerDefault.swift; path = Chart/Axis/ChartAxisXHighLayerDefault.swift; sourceTree = "<group>"; };
		0BFA99C01C26F1DF00D2CE2D /* ChartAxisXLayerDefault.swift */ = {isa = PBXFileReference; fileEncoding = 4; lastKnownFileType = sourcecode.swift; name = ChartAxisXLayerDefault.swift; path = Chart/Axis/ChartAxisXLayerDefault.swift; sourceTree = "<group>"; };
		0BFA99C11C26F1DF00D2CE2D /* ChartAxisXLowLayerDefault.swift */ = {isa = PBXFileReference; fileEncoding = 4; lastKnownFileType = sourcecode.swift; name = ChartAxisXLowLayerDefault.swift; path = Chart/Axis/ChartAxisXLowLayerDefault.swift; sourceTree = "<group>"; };
		0BFA99C21C26F1DF00D2CE2D /* ChartAxisYHighLayerDefault.swift */ = {isa = PBXFileReference; fileEncoding = 4; lastKnownFileType = sourcecode.swift; name = ChartAxisYHighLayerDefault.swift; path = Chart/Axis/ChartAxisYHighLayerDefault.swift; sourceTree = "<group>"; };
		0BFA99C31C26F1DF00D2CE2D /* ChartAxisYLayerDefault.swift */ = {isa = PBXFileReference; fileEncoding = 4; lastKnownFileType = sourcecode.swift; name = ChartAxisYLayerDefault.swift; path = Chart/Axis/ChartAxisYLayerDefault.swift; sourceTree = "<group>"; };
		0BFA99C41C26F1DF00D2CE2D /* ChartAxisYLowLayerDefault.swift */ = {isa = PBXFileReference; fileEncoding = 4; lastKnownFileType = sourcecode.swift; name = ChartAxisYLowLayerDefault.swift; path = Chart/Axis/ChartAxisYLowLayerDefault.swift; sourceTree = "<group>"; };
		0BFA99D01C26F1FB00D2CE2D /* ChartAxisValue.swift */ = {isa = PBXFileReference; fileEncoding = 4; lastKnownFileType = sourcecode.swift; name = ChartAxisValue.swift; path = Chart/AxisValues/ChartAxisValue.swift; sourceTree = "<group>"; };
		0BFA99D11C26F1FB00D2CE2D /* ChartAxisValueDouble.swift */ = {isa = PBXFileReference; fileEncoding = 4; lastKnownFileType = sourcecode.swift; name = ChartAxisValueDouble.swift; path = Chart/AxisValues/ChartAxisValueDouble.swift; sourceTree = "<group>"; };
		0BFA99D41C26F21300D2CE2D /* ChartPoint.swift */ = {isa = PBXFileReference; fileEncoding = 4; lastKnownFileType = sourcecode.swift; name = ChartPoint.swift; path = Chart/ChartPoint/ChartPoint.swift; sourceTree = "<group>"; };
		0BFA99D61C26F22700D2CE2D /* ChartContextDrawer.swift */ = {isa = PBXFileReference; fileEncoding = 4; lastKnownFileType = sourcecode.swift; name = ChartContextDrawer.swift; path = Chart/Drawers/ChartContextDrawer.swift; sourceTree = "<group>"; };
		0BFA99D71C26F22700D2CE2D /* ChartDrawerFunctions.swift */ = {isa = PBXFileReference; fileEncoding = 4; lastKnownFileType = sourcecode.swift; name = ChartDrawerFunctions.swift; path = Chart/Drawers/ChartDrawerFunctions.swift; sourceTree = "<group>"; };
		0BFA99D81C26F22700D2CE2D /* ChartLabelDrawer.swift */ = {isa = PBXFileReference; fileEncoding = 4; lastKnownFileType = sourcecode.swift; name = ChartLabelDrawer.swift; path = Chart/Drawers/ChartLabelDrawer.swift; sourceTree = "<group>"; };
		0BFA99D91C26F22700D2CE2D /* ChartLineDrawer.swift */ = {isa = PBXFileReference; fileEncoding = 4; lastKnownFileType = sourcecode.swift; name = ChartLineDrawer.swift; path = Chart/Drawers/ChartLineDrawer.swift; sourceTree = "<group>"; };
		0BFA99DE1C26F26600D2CE2D /* ChartCoordsSpaceLayer.swift */ = {isa = PBXFileReference; fileEncoding = 4; lastKnownFileType = sourcecode.swift; name = ChartCoordsSpaceLayer.swift; path = Chart/Layers/ChartCoordsSpaceLayer.swift; sourceTree = "<group>"; };
		0BFA99DF1C26F26600D2CE2D /* ChartGuideLinesLayer.swift */ = {isa = PBXFileReference; fileEncoding = 4; lastKnownFileType = sourcecode.swift; name = ChartGuideLinesLayer.swift; path = Chart/Layers/ChartGuideLinesLayer.swift; sourceTree = "<group>"; };
		0BFA99E01C26F26600D2CE2D /* ChartLayer.swift */ = {isa = PBXFileReference; fileEncoding = 4; lastKnownFileType = sourcecode.swift; name = ChartLayer.swift; path = Chart/Layers/ChartLayer.swift; sourceTree = "<group>"; };
		0BFA99E11C26F26600D2CE2D /* ChartLayerBase.swift */ = {isa = PBXFileReference; fileEncoding = 4; lastKnownFileType = sourcecode.swift; name = ChartLayerBase.swift; path = Chart/Layers/ChartLayerBase.swift; sourceTree = "<group>"; };
		0BFA99E21C26F26600D2CE2D /* ChartPointsLayer.swift */ = {isa = PBXFileReference; fileEncoding = 4; lastKnownFileType = sourcecode.swift; name = ChartPointsLayer.swift; path = Chart/Layers/ChartPointsLayer.swift; sourceTree = "<group>"; };
		0BFA99E31C26F26600D2CE2D /* ChartPointsLineLayer.swift */ = {isa = PBXFileReference; fileEncoding = 4; lastKnownFileType = sourcecode.swift; name = ChartPointsLineLayer.swift; path = Chart/Layers/ChartPointsLineLayer.swift; sourceTree = "<group>"; };
		0BFA99E41C26F26600D2CE2D /* ChartPointsLineTrackerLayer.swift */ = {isa = PBXFileReference; fileEncoding = 4; lastKnownFileType = sourcecode.swift; name = ChartPointsLineTrackerLayer.swift; path = Chart/Layers/ChartPointsLineTrackerLayer.swift; sourceTree = "<group>"; };
		0BFA99EC1C26F28900D2CE2D /* ChartLinesView.swift */ = {isa = PBXFileReference; fileEncoding = 4; lastKnownFileType = sourcecode.swift; name = ChartLinesView.swift; path = Chart/Views/ChartLinesView.swift; sourceTree = "<group>"; };
		0BFA99ED1C26F28900D2CE2D /* StraightLinePathGenerator.swift */ = {isa = PBXFileReference; fileEncoding = 4; lastKnownFileType = sourcecode.swift; name = StraightLinePathGenerator.swift; path = Chart/Views/StraightLinePathGenerator.swift; sourceTree = "<group>"; };
		0BFA99F01C26F2C200D2CE2D /* Env.swift */ = {isa = PBXFileReference; fileEncoding = 4; lastKnownFileType = sourcecode.swift; path = Env.swift; sourceTree = "<group>"; };
		0BFA99F21C26F2D700D2CE2D /* GraphSettings.swift */ = {isa = PBXFileReference; fileEncoding = 4; lastKnownFileType = sourcecode.swift; path = GraphSettings.swift; sourceTree = "<group>"; };
		0BFA99F41C26F2F800D2CE2D /* DatasetCalculator.swift */ = {isa = PBXFileReference; fileEncoding = 4; lastKnownFileType = sourcecode.swift; path = DatasetCalculator.swift; sourceTree = "<group>"; };
		0BFA99F61C26F39500D2CE2D /* CustomPointsLayer.swift */ = {isa = PBXFileReference; fileEncoding = 4; lastKnownFileType = sourcecode.swift; path = CustomPointsLayer.swift; sourceTree = "<group>"; };
		0BFA99F81C26F3B900D2CE2D /* CustomLineTrackerLayer.swift */ = {isa = PBXFileReference; fileEncoding = 4; lastKnownFileType = sourcecode.swift; path = CustomLineTrackerLayer.swift; sourceTree = "<group>"; };
		0BFA99FA1C26F3D200D2CE2D /* GraphViewController.swift */ = {isa = PBXFileReference; fileEncoding = 4; lastKnownFileType = sourcecode.swift; path = GraphViewController.swift; sourceTree = "<group>"; };
		0BFA99FC1C26F6E500D2CE2D /* Chart.swift */ = {isa = PBXFileReference; fileEncoding = 4; lastKnownFileType = sourcecode.swift; path = Chart.swift; sourceTree = "<group>"; };
		F418C34B1C160EF00063A112 /* MyApp.app */ = {isa = PBXFileReference; explicitFileType = wrapper.application; includeInIndex = 0; path = MyApp.app; sourceTree = BUILT_PRODUCTS_DIR; };
		F418C34E1C160EF00063A112 /* AppDelegate.swift */ = {isa = PBXFileReference; lastKnownFileType = sourcecode.swift; path = AppDelegate.swift; sourceTree = "<group>"; };
		F418C3581C160EF00063A112 /* Base */ = {isa = PBXFileReference; lastKnownFileType = file.storyboard; name = Base; path = Base.lproj/LaunchScreen.storyboard; sourceTree = "<group>"; };
		F418C35A1C160EF00063A112 /* Info.plist */ = {isa = PBXFileReference; lastKnownFileType = text.plist.xml; path = Info.plist; sourceTree = "<group>"; };
		F418C35F1C160EF00063A112 /* MyAppTests.xctest */ = {isa = PBXFileReference; explicitFileType = wrapper.cfbundle; includeInIndex = 0; path = MyAppTests.xctest; sourceTree = BUILT_PRODUCTS_DIR; };
		F418C3631C160EF00063A112 /* MyAppTests.swift */ = {isa = PBXFileReference; lastKnownFileType = sourcecode.swift; path = MyAppTests.swift; sourceTree = "<group>"; };
		F418C3651C160EF00063A112 /* Info.plist */ = {isa = PBXFileReference; lastKnownFileType = text.plist.xml; path = Info.plist; sourceTree = "<group>"; };
		F418C36A1C160EF00063A112 /* MyAppUITests.xctest */ = {isa = PBXFileReference; explicitFileType = wrapper.cfbundle; includeInIndex = 0; path = MyAppUITests.xctest; sourceTree = BUILT_PRODUCTS_DIR; };
		F418C36E1C160EF00063A112 /* MyAppUITests.swift */ = {isa = PBXFileReference; lastKnownFileType = sourcecode.swift; path = MyAppUITests.swift; sourceTree = "<group>"; };
		F418C3701C160EF00063A112 /* Info.plist */ = {isa = PBXFileReference; lastKnownFileType = text.plist.xml; path = Info.plist; sourceTree = "<group>"; };
		F418CB811C1610780063A112 /* Cartfile */ = {isa = PBXFileReference; fileEncoding = 4; lastKnownFileType = text; name = Cartfile; path = ../Cartfile; sourceTree = "<group>"; };
		F418CB8F1C16179A0063A112 /* Kanna.framework */ = {isa = PBXFileReference; lastKnownFileType = wrapper.framework; name = Kanna.framework; path = Carthage/Build/iOS/Kanna.framework; sourceTree = "<group>"; };
		F418CB901C16179A0063A112 /* CollapsableTable.framework */ = {isa = PBXFileReference; lastKnownFileType = wrapper.framework; name = CollapsableTable.framework; path = Carthage/Build/iOS/CollapsableTable.framework; sourceTree = "<group>"; };
		F418CB981C16191F0063A112 /* MenuModelBuilder.swift */ = {isa = PBXFileReference; fileEncoding = 4; lastKnownFileType = sourcecode.swift; path = MenuModelBuilder.swift; sourceTree = "<group>"; };
		F418CB9A1C16192B0063A112 /* MenuSectionHeader.swift */ = {isa = PBXFileReference; fileEncoding = 4; lastKnownFileType = sourcecode.swift; path = MenuSectionHeader.swift; sourceTree = "<group>"; };
		F418CB9C1C1619310063A112 /* MenuViewController.swift */ = {isa = PBXFileReference; fileEncoding = 4; lastKnownFileType = sourcecode.swift; path = MenuViewController.swift; sourceTree = "<group>"; };
		F418CB9E1C16194C0063A112 /* Main.storyboard */ = {isa = PBXFileReference; fileEncoding = 4; lastKnownFileType = file.storyboard; path = Main.storyboard; sourceTree = "<group>"; };
		F418CBA01C1619690063A112 /* MenuSectionHeaderView.xib */ = {isa = PBXFileReference; fileEncoding = 4; lastKnownFileType = file.xib; path = MenuSectionHeaderView.xib; sourceTree = "<group>"; };
		F418CBA91C16C1AB0063A112 /* CollapsableTableProtocols.swift */ = {isa = PBXFileReference; fileEncoding = 4; lastKnownFileType = sourcecode.swift; path = CollapsableTableProtocols.swift; sourceTree = "<group>"; };
		F418CBAB1C16C1EF0063A112 /* CollapsableTableScene.swift */ = {isa = PBXFileReference; fileEncoding = 4; lastKnownFileType = sourcecode.swift; path = CollapsableTableScene.swift; sourceTree = "<group>"; };
		F418CBB51C16E9AD0063A112 /* MatchListTableViewController.swift */ = {isa = PBXFileReference; fileEncoding = 4; lastKnownFileType = sourcecode.swift; path = MatchListTableViewController.swift; sourceTree = "<group>"; };
		F418CBB71C16E9CC0063A112 /* MatchTableViewCell.swift */ = {isa = PBXFileReference; fileEncoding = 4; lastKnownFileType = sourcecode.swift; path = MatchTableViewCell.swift; sourceTree = "<group>"; };
		F418CBB91C16E9DF0063A112 /* Match.swift */ = {isa = PBXFileReference; fileEncoding = 4; lastKnownFileType = sourcecode.swift; path = Match.swift; sourceTree = "<group>"; };
		F418CBBB1C16EA010063A112 /* SoccerInformationModel.swift */ = {isa = PBXFileReference; fileEncoding = 4; lastKnownFileType = sourcecode.swift; path = SoccerInformationModel.swift; sourceTree = "<group>"; };
		F418CBBD1C16EA060063A112 /* SingletonSoccerInformationModel.swift */ = {isa = PBXFileReference; fileEncoding = 4; lastKnownFileType = sourcecode.swift; path = SingletonSoccerInformationModel.swift; sourceTree = "<group>"; };
		F418CBBF1C16EA0F0063A112 /* ParserHtml.swift */ = {isa = PBXFileReference; fileEncoding = 4; lastKnownFileType = sourcecode.swift; path = ParserHtml.swift; sourceTree = "<group>"; };
		F418CBC31C1727950063A112 /* MatchListRequest.swift */ = {isa = PBXFileReference; fileEncoding = 4; lastKnownFileType = sourcecode.swift; path = MatchListRequest.swift; sourceTree = "<group>"; };
		F418CBC51C172A6A0063A112 /* StringForTheWebHelper.swift */ = {isa = PBXFileReference; fileEncoding = 4; lastKnownFileType = sourcecode.swift; path = StringForTheWebHelper.swift; sourceTree = "<group>"; };
		F418CBCC1C174C310063A112 /* RAMBounceAnimation.swift */ = {isa = PBXFileReference; fileEncoding = 4; lastKnownFileType = sourcecode.swift; path = RAMBounceAnimation.swift; sourceTree = "<group>"; };
		F418CBCE1C174C310063A112 /* RAMFrameItemAnimation.swift */ = {isa = PBXFileReference; fileEncoding = 4; lastKnownFileType = sourcecode.swift; path = RAMFrameItemAnimation.swift; sourceTree = "<group>"; };
		F418CBD01C174C310063A112 /* RAMFumeAnimation.swift */ = {isa = PBXFileReference; fileEncoding = 4; lastKnownFileType = sourcecode.swift; path = RAMFumeAnimation.swift; sourceTree = "<group>"; };
		F418CBD21C174C310063A112 /* RAMRotationAnimation.swift */ = {isa = PBXFileReference; fileEncoding = 4; lastKnownFileType = sourcecode.swift; path = RAMRotationAnimation.swift; sourceTree = "<group>"; };
		F418CBD41C174C310063A112 /* RAMTransitionItemAnimation.swift */ = {isa = PBXFileReference; fileEncoding = 4; lastKnownFileType = sourcecode.swift; path = RAMTransitionItemAnimation.swift; sourceTree = "<group>"; };
		F418CBD51C174C310063A112 /* RAMAnimatedTabBarController.swift */ = {isa = PBXFileReference; fileEncoding = 4; lastKnownFileType = sourcecode.swift; path = RAMAnimatedTabBarController.swift; sourceTree = "<group>"; };
		F418CBD61C174C310063A112 /* RAMItemAnimationProtocol.swift */ = {isa = PBXFileReference; fileEncoding = 4; lastKnownFileType = sourcecode.swift; path = RAMItemAnimationProtocol.swift; sourceTree = "<group>"; };
		F418CBE01C184A640063A112 /* CAPSPageMenu.swift */ = {isa = PBXFileReference; fileEncoding = 4; lastKnownFileType = sourcecode.swift; path = CAPSPageMenu.swift; sourceTree = "<group>"; };
		F418CBE41C184AF60063A112 /* MatchOddsViewController.swift */ = {isa = PBXFileReference; fileEncoding = 4; lastKnownFileType = sourcecode.swift; path = MatchOddsViewController.swift; sourceTree = "<group>"; };
		F418CBE61C1868D50063A112 /* OddsModelBuilder.swift */ = {isa = PBXFileReference; fileEncoding = 4; lastKnownFileType = sourcecode.swift; path = OddsModelBuilder.swift; sourceTree = "<group>"; };
		F418CBE81C186ED10063A112 /* OddsViewController.swift */ = {isa = PBXFileReference; fileEncoding = 4; lastKnownFileType = sourcecode.swift; path = OddsViewController.swift; sourceTree = "<group>"; };
		F418CBF41C18B2B00063A112 /* OddsMenuSectionHeader.swift */ = {isa = PBXFileReference; fileEncoding = 4; lastKnownFileType = sourcecode.swift; path = OddsMenuSectionHeader.swift; sourceTree = "<group>"; };
		F418CBF61C18D2DD0063A112 /* OddsMenuSectionHeaderView.xib */ = {isa = PBXFileReference; fileEncoding = 4; lastKnownFileType = file.xib; path = OddsMenuSectionHeaderView.xib; sourceTree = "<group>"; };
		F418CBF81C1983DF0063A112 /* OddsMatchHttpRequest.swift */ = {isa = PBXFileReference; fileEncoding = 4; lastKnownFileType = sourcecode.swift; path = OddsMatchHttpRequest.swift; sourceTree = "<group>"; };
		F435ED951C1D7F4D004D8BAA /* Assets.xcassets */ = {isa = PBXFileReference; lastKnownFileType = folder.assetcatalog; path = Assets.xcassets; sourceTree = "<group>"; };
		F435EE801C1EC4B4004D8BAA /* AKPickerView.framework */ = {isa = PBXFileReference; lastKnownFileType = wrapper.framework; name = AKPickerView.framework; path = Carthage/Build/iOS/AKPickerView.framework; sourceTree = "<group>"; };
		F435EE821C1EC768004D8BAA /* AKPickerView.swift */ = {isa = PBXFileReference; fileEncoding = 4; lastKnownFileType = sourcecode.swift; path = AKPickerView.swift; sourceTree = "<group>"; };
		F435EE841C1EC804004D8BAA /* BetViewController.swift */ = {isa = PBXFileReference; fileEncoding = 4; lastKnownFileType = sourcecode.swift; path = BetViewController.swift; sourceTree = "<group>"; };
		F435EEC41C1F30B9004D8BAA /* BetTableViewCell.xib */ = {isa = PBXFileReference; fileEncoding = 4; lastKnownFileType = file.xib; path = BetTableViewCell.xib; sourceTree = "<group>"; };
		F435EEC61C1F3187004D8BAA /* BetTableViewCell.swift */ = {isa = PBXFileReference; fileEncoding = 4; lastKnownFileType = sourcecode.swift; path = BetTableViewCell.swift; sourceTree = "<group>"; };
		F435EECE1C204DEE004D8BAA /* Bet.swift */ = {isa = PBXFileReference; fileEncoding = 4; lastKnownFileType = sourcecode.swift; path = Bet.swift; sourceTree = "<group>"; };
		F435EED01C207C37004D8BAA /* TabBarEnum.swift */ = {isa = PBXFileReference; fileEncoding = 4; lastKnownFileType = sourcecode.swift; path = TabBarEnum.swift; sourceTree = "<group>"; };
		F435EED41C21AC91004D8BAA /* BetEngineTableViewCell.xib */ = {isa = PBXFileReference; fileEncoding = 4; lastKnownFileType = file.xib; path = BetEngineTableViewCell.xib; sourceTree = "<group>"; };
		F435EED61C21B5F6004D8BAA /* BetEngineTableViewCell.swift */ = {isa = PBXFileReference; fileEncoding = 4; lastKnownFileType = sourcecode.swift; path = BetEngineTableViewCell.swift; sourceTree = "<group>"; };
		F435EEDC1C24649B004D8BAA /* BetEngine.swift */ = {isa = PBXFileReference; fileEncoding = 4; lastKnownFileType = sourcecode.swift; path = BetEngine.swift; sourceTree = "<group>"; };
		F435EEDF1C256A43004D8BAA /* SBPickerSelector.xib */ = {isa = PBXFileReference; fileEncoding = 4; lastKnownFileType = file.xib; path = SBPickerSelector.xib; sourceTree = "<group>"; };
		F435EEE11C256A4A004D8BAA /* SBPickerSelector.h */ = {isa = PBXFileReference; lastKnownFileType = sourcecode.c.h; path = SBPickerSelector.h; sourceTree = "<group>"; };
		F435EEE21C256A58004D8BAA /* MyApp-Bridging-Header.h */ = {isa = PBXFileReference; lastKnownFileType = sourcecode.c.h; path = "MyApp-Bridging-Header.h"; sourceTree = "<group>"; };
		F435EEE31C256A59004D8BAA /* SBPickerSelector.m */ = {isa = PBXFileReference; fileEncoding = 4; lastKnownFileType = sourcecode.c.objc; path = SBPickerSelector.m; sourceTree = "<group>"; };
		F440CCA91C1B39D700BE9F08 /* OddsViewController.xib */ = {isa = PBXFileReference; fileEncoding = 4; lastKnownFileType = file.xib; path = OddsViewController.xib; sourceTree = "<group>"; };
		F440CCAB1C1B3EB000BE9F08 /* OddsTableViewCell.xib */ = {isa = PBXFileReference; fileEncoding = 4; lastKnownFileType = file.xib; path = OddsTableViewCell.xib; sourceTree = "<group>"; };
		F440CCAD1C1B3F5A00BE9F08 /* OddsTableViewCell.swift */ = {isa = PBXFileReference; fileEncoding = 4; lastKnownFileType = sourcecode.swift; path = OddsTableViewCell.swift; sourceTree = "<group>"; };
/* End PBXFileReference section */

/* Begin PBXFrameworksBuildPhase section */
		F418C3481C160EF00063A112 /* Frameworks */ = {
			isa = PBXFrameworksBuildPhase;
			buildActionMask = 2147483647;
			files = (
				F435EE811C1EC4B4004D8BAA /* AKPickerView.framework in Frameworks */,
				F418CB911C16179A0063A112 /* Kanna.framework in Frameworks */,
				0BFA999A1C26EB2000D2CE2D /* UITextField_Shake.framework in Frameworks */,
				0BFA99981C26EB1500D2CE2D /* TVButton.framework in Frameworks */,
				F418CB921C16179A0063A112 /* CollapsableTable.framework in Frameworks */,
			);
			runOnlyForDeploymentPostprocessing = 0;
		};
		F418C35C1C160EF00063A112 /* Frameworks */ = {
			isa = PBXFrameworksBuildPhase;
			buildActionMask = 2147483647;
			files = (
			);
			runOnlyForDeploymentPostprocessing = 0;
		};
		F418C3671C160EF00063A112 /* Frameworks */ = {
			isa = PBXFrameworksBuildPhase;
			buildActionMask = 2147483647;
			files = (
			);
			runOnlyForDeploymentPostprocessing = 0;
		};
/* End PBXFrameworksBuildPhase section */

/* Begin PBXGroup section */
		0BFA99A31C26F01000D2CE2D /* Chart */ = {
			isa = PBXGroup;
			children = (
				0BFA99FC1C26F6E500D2CE2D /* Chart.swift */,
				0BFA99B31C26F1AF00D2CE2D /* ChartCoordsSpace.swift */,
				0BFA99B41C26F1AF00D2CE2D /* ChartLineModel.swift */,
				0BFA99B51C26F1AF00D2CE2D /* ChartUtils.swift */,
				0BFA99A41C26F03000D2CE2D /* Axis */,
				0BFA99A51C26F03900D2CE2D /* AxisValues */,
				0BFA99A91C26F05D00D2CE2D /* ChartPoint */,
				0BFA99A81C26F05500D2CE2D /* Drawers */,
				0BFA99A71C26F04B00D2CE2D /* Layers */,
				0BFA99A61C26F04400D2CE2D /* Views */,
			);
			name = Chart;
			sourceTree = "<group>";
		};
		0BFA99A41C26F03000D2CE2D /* Axis */ = {
			isa = PBXGroup;
			children = (
				0BFA99BA1C26F1DF00D2CE2D /* ChartAxisLabel.swift */,
				0BFA99BB1C26F1DF00D2CE2D /* ChartAxisLayer.swift */,
				0BFA99BC1C26F1DF00D2CE2D /* ChartAxisLayerDefault.swift */,
				0BFA99BD1C26F1DF00D2CE2D /* ChartAxisModel.swift */,
				0BFA99BE1C26F1DF00D2CE2D /* ChartAxisValuesGenerator.swift */,
				0BFA99BF1C26F1DF00D2CE2D /* ChartAxisXHighLayerDefault.swift */,
				0BFA99C01C26F1DF00D2CE2D /* ChartAxisXLayerDefault.swift */,
				0BFA99C11C26F1DF00D2CE2D /* ChartAxisXLowLayerDefault.swift */,
				0BFA99C21C26F1DF00D2CE2D /* ChartAxisYHighLayerDefault.swift */,
				0BFA99C31C26F1DF00D2CE2D /* ChartAxisYLayerDefault.swift */,
				0BFA99C41C26F1DF00D2CE2D /* ChartAxisYLowLayerDefault.swift */,
			);
			name = Axis;
			sourceTree = "<group>";
		};
		0BFA99A51C26F03900D2CE2D /* AxisValues */ = {
			isa = PBXGroup;
			children = (
				0BFA99D01C26F1FB00D2CE2D /* ChartAxisValue.swift */,
				0BFA99D11C26F1FB00D2CE2D /* ChartAxisValueDouble.swift */,
			);
			name = AxisValues;
			sourceTree = "<group>";
		};
		0BFA99A61C26F04400D2CE2D /* Views */ = {
			isa = PBXGroup;
			children = (
				0BFA99EC1C26F28900D2CE2D /* ChartLinesView.swift */,
				0BFA99ED1C26F28900D2CE2D /* StraightLinePathGenerator.swift */,
			);
			name = Views;
			sourceTree = "<group>";
		};
		0BFA99A71C26F04B00D2CE2D /* Layers */ = {
			isa = PBXGroup;
			children = (
				0BFA99DE1C26F26600D2CE2D /* ChartCoordsSpaceLayer.swift */,
				0BFA99DF1C26F26600D2CE2D /* ChartGuideLinesLayer.swift */,
				0BFA99E01C26F26600D2CE2D /* ChartLayer.swift */,
				0BFA99E11C26F26600D2CE2D /* ChartLayerBase.swift */,
				0BFA99E21C26F26600D2CE2D /* ChartPointsLayer.swift */,
				0BFA99E31C26F26600D2CE2D /* ChartPointsLineLayer.swift */,
				0BFA99E41C26F26600D2CE2D /* ChartPointsLineTrackerLayer.swift */,
			);
			name = Layers;
			sourceTree = "<group>";
		};
		0BFA99A81C26F05500D2CE2D /* Drawers */ = {
			isa = PBXGroup;
			children = (
				0BFA99D61C26F22700D2CE2D /* ChartContextDrawer.swift */,
				0BFA99D71C26F22700D2CE2D /* ChartDrawerFunctions.swift */,
				0BFA99D81C26F22700D2CE2D /* ChartLabelDrawer.swift */,
				0BFA99D91C26F22700D2CE2D /* ChartLineDrawer.swift */,
			);
			name = Drawers;
			sourceTree = "<group>";
		};
		0BFA99A91C26F05D00D2CE2D /* ChartPoint */ = {
			isa = PBXGroup;
			children = (
				0BFA99D41C26F21300D2CE2D /* ChartPoint.swift */,
			);
			name = ChartPoint;
			sourceTree = "<group>";
		};
		F418C3421C160EF00063A112 = {
			isa = PBXGroup;
			children = (
				0BFA99991C26EB2000D2CE2D /* UITextField_Shake.framework */,
				0BFA99971C26EB1500D2CE2D /* TVButton.framework */,
				F418C34D1C160EF00063A112 /* MyApp */,
				F418C3621C160EF00063A112 /* MyAppTests */,
				F418C36D1C160EF00063A112 /* MyAppUITests */,
				F418C34C1C160EF00063A112 /* Products */,
				F418CB931C1618640063A112 /* FrameWork */,
			);
			sourceTree = "<group>";
		};
		F418C34C1C160EF00063A112 /* Products */ = {
			isa = PBXGroup;
			children = (
				F418C34B1C160EF00063A112 /* MyApp.app */,
				F418C35F1C160EF00063A112 /* MyAppTests.xctest */,
				F418C36A1C160EF00063A112 /* MyAppUITests.xctest */,
			);
			name = Products;
			sourceTree = "<group>";
		};
		F418C34D1C160EF00063A112 /* MyApp */ = {
			isa = PBXGroup;
			children = (
				F418CB9E1C16194C0063A112 /* Main.storyboard */,
				F418CB971C1618EC0063A112 /* View */,
				F418CB961C1618E60063A112 /* Controller */,
				F418CB951C1618DE0063A112 /* Model */,
				F418CB941C1618BF0063A112 /* Supporting Files */,
			);
			path = MyApp;
			sourceTree = "<group>";
		};
		F418C3621C160EF00063A112 /* MyAppTests */ = {
			isa = PBXGroup;
			children = (
				F418C3631C160EF00063A112 /* MyAppTests.swift */,
				F418C3651C160EF00063A112 /* Info.plist */,
			);
			path = MyAppTests;
			sourceTree = "<group>";
		};
		F418C36D1C160EF00063A112 /* MyAppUITests */ = {
			isa = PBXGroup;
			children = (
				F418C36E1C160EF00063A112 /* MyAppUITests.swift */,
				F418C3701C160EF00063A112 /* Info.plist */,
			);
			path = MyAppUITests;
			sourceTree = "<group>";
		};
		F418CB931C1618640063A112 /* FrameWork */ = {
			isa = PBXGroup;
			children = (
				F435EE801C1EC4B4004D8BAA /* AKPickerView.framework */,
				F418CB8F1C16179A0063A112 /* Kanna.framework */,
				F418CB901C16179A0063A112 /* CollapsableTable.framework */,
			);
			name = FrameWork;
			sourceTree = "<group>";
		};
		F418CB941C1618BF0063A112 /* Supporting Files */ = {
			isa = PBXGroup;
			children = (
				F435EEE51C256A80004D8BAA /* SbPickerSelector */,
				F435ED951C1D7F4D004D8BAA /* Assets.xcassets */,
				F418CBF61C18D2DD0063A112 /* OddsMenuSectionHeaderView.xib */,
				F418CBAB1C16C1EF0063A112 /* CollapsableTableScene.swift */,
				F418CBA91C16C1AB0063A112 /* CollapsableTableProtocols.swift */,
				F418C34E1C160EF00063A112 /* AppDelegate.swift */,
				F418CBA01C1619690063A112 /* MenuSectionHeaderView.xib */,
				F418C3571C160EF00063A112 /* LaunchScreen.storyboard */,
				F418C35A1C160EF00063A112 /* Info.plist */,
				F418CB811C1610780063A112 /* Cartfile */,
				F440CCA91C1B39D700BE9F08 /* OddsViewController.xib */,
				F440CCAB1C1B3EB000BE9F08 /* OddsTableViewCell.xib */,
				F435EEC41C1F30B9004D8BAA /* BetTableViewCell.xib */,
				F435EED41C21AC91004D8BAA /* BetEngineTableViewCell.xib */,
			);
			name = "Supporting Files";
			sourceTree = "<group>";
		};
		F418CB951C1618DE0063A112 /* Model */ = {
			isa = PBXGroup;
			children = (
				F418CBBF1C16EA0F0063A112 /* ParserHtml.swift */,
				F418CBBD1C16EA060063A112 /* SingletonSoccerInformationModel.swift */,
				F418CBBB1C16EA010063A112 /* SoccerInformationModel.swift */,
				F418CB981C16191F0063A112 /* MenuModelBuilder.swift */,
				F418CBB91C16E9DF0063A112 /* Match.swift */,
				F418CBC31C1727950063A112 /* MatchListRequest.swift */,
				F418CBC51C172A6A0063A112 /* StringForTheWebHelper.swift */,
				F418CBE61C1868D50063A112 /* OddsModelBuilder.swift */,
				F418CBF81C1983DF0063A112 /* OddsMatchHttpRequest.swift */,
				F435EECE1C204DEE004D8BAA /* Bet.swift */,
				F435EED01C207C37004D8BAA /* TabBarEnum.swift */,
				F435EEDC1C24649B004D8BAA /* BetEngine.swift */,
				0BFA99F01C26F2C200D2CE2D /* Env.swift */,
				0BFA99F21C26F2D700D2CE2D /* GraphSettings.swift */,
				0BFA99F41C26F2F800D2CE2D /* DatasetCalculator.swift */,
			);
			name = Model;
			sourceTree = "<group>";
		};
		F418CB961C1618E60063A112 /* Controller */ = {
			isa = PBXGroup;
			children = (
				0BFA99A31C26F01000D2CE2D /* Chart */,
				F418CBC91C174C310063A112 /* RAMAnimatedTabBarController */,
				F418CBB51C16E9AD0063A112 /* MatchListTableViewController.swift */,
				F418CB9C1C1619310063A112 /* MenuViewController.swift */,
				F418CBE01C184A640063A112 /* CAPSPageMenu.swift */,
				F418CBE41C184AF60063A112 /* MatchOddsViewController.swift */,
				F418CBE81C186ED10063A112 /* OddsViewController.swift */,
				F435EE841C1EC804004D8BAA /* BetViewController.swift */,
				0BFA999B1C26ED1800D2CE2D /* TextFieldsEffects.swift */,
				0BFA999D1C26ED6800D2CE2D /* HighlightedTextField.swift */,
				0BFA999F1C26EE0900D2CE2D /* CoverViewController.swift */,
				0BFA99F61C26F39500D2CE2D /* CustomPointsLayer.swift */,
				0BFA99F81C26F3B900D2CE2D /* CustomLineTrackerLayer.swift */,
				0BFA99FA1C26F3D200D2CE2D /* GraphViewController.swift */,
			);
			name = Controller;
			sourceTree = "<group>";
		};
		F418CB971C1618EC0063A112 /* View */ = {
			isa = PBXGroup;
			children = (
				F435EE821C1EC768004D8BAA /* AKPickerView.swift */,
				F418CBB71C16E9CC0063A112 /* MatchTableViewCell.swift */,
				F418CB9A1C16192B0063A112 /* MenuSectionHeader.swift */,
				F418CBF41C18B2B00063A112 /* OddsMenuSectionHeader.swift */,
				F440CCAD1C1B3F5A00BE9F08 /* OddsTableViewCell.swift */,
				F435EEC61C1F3187004D8BAA /* BetTableViewCell.swift */,
				F435EED61C21B5F6004D8BAA /* BetEngineTableViewCell.swift */,
			);
			name = View;
			sourceTree = "<group>";
		};
		F418CBC91C174C310063A112 /* RAMAnimatedTabBarController */ = {
			isa = PBXGroup;
			children = (
				F418CBCA1C174C310063A112 /* Animations */,
				F418CBD51C174C310063A112 /* RAMAnimatedTabBarController.swift */,
				F418CBD61C174C310063A112 /* RAMItemAnimationProtocol.swift */,
			);
			path = RAMAnimatedTabBarController;
			sourceTree = "<group>";
		};
		F418CBCA1C174C310063A112 /* Animations */ = {
			isa = PBXGroup;
			children = (
				F418CBCB1C174C310063A112 /* BounceAnimation */,
				F418CBCD1C174C310063A112 /* FrameAnimation */,
				F418CBCF1C174C310063A112 /* FumeAnimation */,
				F418CBD11C174C310063A112 /* RotationAnimation */,
				F418CBD31C174C310063A112 /* TransitionAniamtions */,
			);
			path = Animations;
			sourceTree = "<group>";
		};
		F418CBCB1C174C310063A112 /* BounceAnimation */ = {
			isa = PBXGroup;
			children = (
				F418CBCC1C174C310063A112 /* RAMBounceAnimation.swift */,
			);
			path = BounceAnimation;
			sourceTree = "<group>";
		};
		F418CBCD1C174C310063A112 /* FrameAnimation */ = {
			isa = PBXGroup;
			children = (
				F418CBCE1C174C310063A112 /* RAMFrameItemAnimation.swift */,
			);
			path = FrameAnimation;
			sourceTree = "<group>";
		};
		F418CBCF1C174C310063A112 /* FumeAnimation */ = {
			isa = PBXGroup;
			children = (
				F418CBD01C174C310063A112 /* RAMFumeAnimation.swift */,
			);
			path = FumeAnimation;
			sourceTree = "<group>";
		};
		F418CBD11C174C310063A112 /* RotationAnimation */ = {
			isa = PBXGroup;
			children = (
				F418CBD21C174C310063A112 /* RAMRotationAnimation.swift */,
			);
			path = RotationAnimation;
			sourceTree = "<group>";
		};
		F418CBD31C174C310063A112 /* TransitionAniamtions */ = {
			isa = PBXGroup;
			children = (
				F418CBD41C174C310063A112 /* RAMTransitionItemAnimation.swift */,
			);
			path = TransitionAniamtions;
			sourceTree = "<group>";
		};
		F435EEE51C256A80004D8BAA /* SbPickerSelector */ = {
			isa = PBXGroup;
			children = (
				F435EEE21C256A58004D8BAA /* MyApp-Bridging-Header.h */,
				F435EEE11C256A4A004D8BAA /* SBPickerSelector.h */,
				F435EEE31C256A59004D8BAA /* SBPickerSelector.m */,
				F435EEDF1C256A43004D8BAA /* SBPickerSelector.xib */,
			);
			name = SbPickerSelector;
			sourceTree = "<group>";
		};
/* End PBXGroup section */

/* Begin PBXNativeTarget section */
		F418C34A1C160EF00063A112 /* MyApp */ = {
			isa = PBXNativeTarget;
			buildConfigurationList = F418C3731C160EF00063A112 /* Build configuration list for PBXNativeTarget "MyApp" */;
			buildPhases = (
				F418C3471C160EF00063A112 /* Sources */,
				F418C3481C160EF00063A112 /* Frameworks */,
				F418C3491C160EF00063A112 /* Resources */,
				F418CBA21C161BCA0063A112 /* Run Script */,
			);
			buildRules = (
			);
			dependencies = (
			);
			name = MyApp;
			productName = MyApp;
			productReference = F418C34B1C160EF00063A112 /* MyApp.app */;
			productType = "com.apple.product-type.application";
		};
		F418C35E1C160EF00063A112 /* MyAppTests */ = {
			isa = PBXNativeTarget;
			buildConfigurationList = F418C3761C160EF00063A112 /* Build configuration list for PBXNativeTarget "MyAppTests" */;
			buildPhases = (
				F418C35B1C160EF00063A112 /* Sources */,
				F418C35C1C160EF00063A112 /* Frameworks */,
				F418C35D1C160EF00063A112 /* Resources */,
			);
			buildRules = (
			);
			dependencies = (
				F418C3611C160EF00063A112 /* PBXTargetDependency */,
			);
			name = MyAppTests;
			productName = MyAppTests;
			productReference = F418C35F1C160EF00063A112 /* MyAppTests.xctest */;
			productType = "com.apple.product-type.bundle.unit-test";
		};
		F418C3691C160EF00063A112 /* MyAppUITests */ = {
			isa = PBXNativeTarget;
			buildConfigurationList = F418C3791C160EF00063A112 /* Build configuration list for PBXNativeTarget "MyAppUITests" */;
			buildPhases = (
				F418C3661C160EF00063A112 /* Sources */,
				F418C3671C160EF00063A112 /* Frameworks */,
				F418C3681C160EF00063A112 /* Resources */,
			);
			buildRules = (
			);
			dependencies = (
				F418C36C1C160EF00063A112 /* PBXTargetDependency */,
			);
			name = MyAppUITests;
			productName = MyAppUITests;
			productReference = F418C36A1C160EF00063A112 /* MyAppUITests.xctest */;
			productType = "com.apple.product-type.bundle.ui-testing";
		};
/* End PBXNativeTarget section */

/* Begin PBXProject section */
		F418C3431C160EF00063A112 /* Project object */ = {
			isa = PBXProject;
			attributes = {
				LastSwiftUpdateCheck = 0710;
				LastUpgradeCheck = 0710;
				ORGANIZATIONNAME = CimboMatte;
				TargetAttributes = {
					F418C34A1C160EF00063A112 = {
						CreatedOnToolsVersion = 7.1.1;
						DevelopmentTeam = MK2CD9XMN2;
					};
					F418C35E1C160EF00063A112 = {
						CreatedOnToolsVersion = 7.1.1;
						DevelopmentTeam = MK2CD9XMN2;
						TestTargetID = F418C34A1C160EF00063A112;
					};
					F418C3691C160EF00063A112 = {
						CreatedOnToolsVersion = 7.1.1;
						DevelopmentTeam = MK2CD9XMN2;
						TestTargetID = F418C34A1C160EF00063A112;
					};
				};
			};
			buildConfigurationList = F418C3461C160EF00063A112 /* Build configuration list for PBXProject "MyApp" */;
			compatibilityVersion = "Xcode 3.2";
			developmentRegion = English;
			hasScannedForEncodings = 0;
			knownRegions = (
				en,
				Base,
			);
			mainGroup = F418C3421C160EF00063A112;
			productRefGroup = F418C34C1C160EF00063A112 /* Products */;
			projectDirPath = "";
			projectRoot = "";
			targets = (
				F418C34A1C160EF00063A112 /* MyApp */,
				F418C35E1C160EF00063A112 /* MyAppTests */,
				F418C3691C160EF00063A112 /* MyAppUITests */,
			);
		};
/* End PBXProject section */

/* Begin PBXResourcesBuildPhase section */
		F418C3491C160EF00063A112 /* Resources */ = {
			isa = PBXResourcesBuildPhase;
			buildActionMask = 2147483647;
			files = (
				F435ED961C1D7F4D004D8BAA /* Assets.xcassets in Resources */,
				F435EED51C21AC91004D8BAA /* BetEngineTableViewCell.xib in Resources */,
				F418C3591C160EF00063A112 /* LaunchScreen.storyboard in Resources */,
				F435EEC51C1F30B9004D8BAA /* BetTableViewCell.xib in Resources */,
				F418CBA11C1619690063A112 /* MenuSectionHeaderView.xib in Resources */,
				F440CCAA1C1B39D700BE9F08 /* OddsViewController.xib in Resources */,
				F440CCAC1C1B3EB000BE9F08 /* OddsTableViewCell.xib in Resources */,
				F418CBF71C18D2DD0063A112 /* OddsMenuSectionHeaderView.xib in Resources */,
				F435EEE01C256A43004D8BAA /* SBPickerSelector.xib in Resources */,
				F418CB821C1610780063A112 /* Cartfile in Resources */,
				F418CB9F1C16194C0063A112 /* Main.storyboard in Resources */,
			);
			runOnlyForDeploymentPostprocessing = 0;
		};
		F418C35D1C160EF00063A112 /* Resources */ = {
			isa = PBXResourcesBuildPhase;
			buildActionMask = 2147483647;
			files = (
			);
			runOnlyForDeploymentPostprocessing = 0;
		};
		F418C3681C160EF00063A112 /* Resources */ = {
			isa = PBXResourcesBuildPhase;
			buildActionMask = 2147483647;
			files = (
			);
			runOnlyForDeploymentPostprocessing = 0;
		};
/* End PBXResourcesBuildPhase section */

/* Begin PBXShellScriptBuildPhase section */
		F418CBA21C161BCA0063A112 /* Run Script */ = {
			isa = PBXShellScriptBuildPhase;
			buildActionMask = 2147483647;
			files = (
			);
			inputPaths = (
				"$(SRCROOT)/Carthage/Build/iOS/Kanna.framework",
				"$(SRCROOT)/Carthage/Build/iOS/CollapsableTable.framework",
				"$(SRCROOT)/Carthage/Build/iOS/AKPickerView.framework",
				"$(SRCROOT)/Carthage/Build/iOS/UITextField_Shake.framework",
				"$(SRCROOT)/Carthage/Build/iOS/TVButton.framework",
			);
			name = "Run Script";
			outputPaths = (
			);
			runOnlyForDeploymentPostprocessing = 0;
			shellPath = "/usr/local/bin/carthage copy-frameworks";
			shellScript = "";
		};
/* End PBXShellScriptBuildPhase section */

/* Begin PBXSourcesBuildPhase section */
		F418C3471C160EF00063A112 /* Sources */ = {
			isa = PBXSourcesBuildPhase;
			buildActionMask = 2147483647;
			files = (
				0BFA99FD1C26F6E500D2CE2D /* Chart.swift in Sources */,
				0BFA99F91C26F3B900D2CE2D /* CustomLineTrackerLayer.swift in Sources */,
				0BFA99E51C26F26600D2CE2D /* ChartCoordsSpaceLayer.swift in Sources */,
				0BFA99CA1C26F1DF00D2CE2D /* ChartAxisXHighLayerDefault.swift in Sources */,
				F418CBDD1C174C310063A112 /* RAMItemAnimationProtocol.swift in Sources */,
				F435EED71C21B5F6004D8BAA /* BetEngineTableViewCell.swift in Sources */,
				0BFA99D31C26F1FB00D2CE2D /* ChartAxisValueDouble.swift in Sources */,
				0BFA99EF1C26F28900D2CE2D /* StraightLinePathGenerator.swift in Sources */,
				F418CBD81C174C310063A112 /* RAMFrameItemAnimation.swift in Sources */,
				F418CB991C16191F0063A112 /* MenuModelBuilder.swift in Sources */,
				F418CBE91C186ED10063A112 /* OddsViewController.swift in Sources */,
				F418CBDA1C174C310063A112 /* RAMRotationAnimation.swift in Sources */,
				0BFA99C91C26F1DF00D2CE2D /* ChartAxisValuesGenerator.swift in Sources */,
				0BFA99C71C26F1DF00D2CE2D /* ChartAxisLayerDefault.swift in Sources */,
				0BFA99DA1C26F22700D2CE2D /* ChartContextDrawer.swift in Sources */,
				F418CBAA1C16C1AB0063A112 /* CollapsableTableProtocols.swift in Sources */,
				F435EED11C207C37004D8BAA /* TabBarEnum.swift in Sources */,
				0BFA99CB1C26F1DF00D2CE2D /* ChartAxisXLayerDefault.swift in Sources */,
				0BFA99EA1C26F26600D2CE2D /* ChartPointsLineLayer.swift in Sources */,
				F435EE831C1EC768004D8BAA /* AKPickerView.swift in Sources */,
				0BFA999E1C26ED6800D2CE2D /* HighlightedTextField.swift in Sources */,
				F418CBD91C174C310063A112 /* RAMFumeAnimation.swift in Sources */,
				0BFA999C1C26ED1800D2CE2D /* TextFieldsEffects.swift in Sources */,
				F435EEDD1C24649B004D8BAA /* BetEngine.swift in Sources */,
				0BFA99F11C26F2C200D2CE2D /* Env.swift in Sources */,
				F418CBBA1C16E9DF0063A112 /* Match.swift in Sources */,
				F418CBAC1C16C1EF0063A112 /* CollapsableTableScene.swift in Sources */,
				0BFA99CE1C26F1DF00D2CE2D /* ChartAxisYLayerDefault.swift in Sources */,
				0BFA99DB1C26F22700D2CE2D /* ChartDrawerFunctions.swift in Sources */,
				0BFA99FB1C26F3D200D2CE2D /* GraphViewController.swift in Sources */,
				F418CBC41C1727950063A112 /* MatchListRequest.swift in Sources */,
				0BFA99E71C26F26600D2CE2D /* ChartLayer.swift in Sources */,
				F435EEC71C1F3187004D8BAA /* BetTableViewCell.swift in Sources */,
				0BFA99B91C26F1AF00D2CE2D /* ChartUtils.swift in Sources */,
				0BFA99F51C26F2F800D2CE2D /* DatasetCalculator.swift in Sources */,
				0BFA99E61C26F26600D2CE2D /* ChartGuideLinesLayer.swift in Sources */,
				F418CBC61C172A6A0063A112 /* StringForTheWebHelper.swift in Sources */,
				F418CBE51C184AF60063A112 /* MatchOddsViewController.swift in Sources */,
				0BFA99B71C26F1AF00D2CE2D /* ChartCoordsSpace.swift in Sources */,
				0BFA99DD1C26F22700D2CE2D /* ChartLineDrawer.swift in Sources */,
				F418CBB81C16E9CC0063A112 /* MatchTableViewCell.swift in Sources */,
				F418CBF51C18B2B00063A112 /* OddsMenuSectionHeader.swift in Sources */,
				0BFA99E81C26F26600D2CE2D /* ChartLayerBase.swift in Sources */,
				0BFA99C81C26F1DF00D2CE2D /* ChartAxisModel.swift in Sources */,
				0BFA99C61C26F1DF00D2CE2D /* ChartAxisLayer.swift in Sources */,
				0BFA99EE1C26F28900D2CE2D /* ChartLinesView.swift in Sources */,
				F418CB9B1C16192B0063A112 /* MenuSectionHeader.swift in Sources */,
				F418CBBE1C16EA060063A112 /* SingletonSoccerInformationModel.swift in Sources */,
				F435EEE41C256A59004D8BAA /* SBPickerSelector.m in Sources */,
				0BFA99A01C26EE0900D2CE2D /* CoverViewController.swift in Sources */,
				0BFA99CD1C26F1DF00D2CE2D /* ChartAxisYHighLayerDefault.swift in Sources */,
				F418CB9D1C1619310063A112 /* MenuViewController.swift in Sources */,
				0BFA99CC1C26F1DF00D2CE2D /* ChartAxisXLowLayerDefault.swift in Sources */,
				0BFA99B81C26F1AF00D2CE2D /* ChartLineModel.swift in Sources */,
				F418C34F1C160EF00063A112 /* AppDelegate.swift in Sources */,
				F418CBE11C184A640063A112 /* CAPSPageMenu.swift in Sources */,
				0BFA99E91C26F26600D2CE2D /* ChartPointsLayer.swift in Sources */,
				F440CCAE1C1B3F5A00BE9F08 /* OddsTableViewCell.swift in Sources */,
				F418CBC01C16EA0F0063A112 /* ParserHtml.swift in Sources */,
				0BFA99F71C26F39500D2CE2D /* CustomPointsLayer.swift in Sources */,
				0BFA99C51C26F1DF00D2CE2D /* ChartAxisLabel.swift in Sources */,
				0BFA99F31C26F2D700D2CE2D /* GraphSettings.swift in Sources */,
				F418CBB61C16E9AD0063A112 /* MatchListTableViewController.swift in Sources */,
				F418CBE71C1868D50063A112 /* OddsModelBuilder.swift in Sources */,
				F418CBBC1C16EA010063A112 /* SoccerInformationModel.swift in Sources */,
				F418CBDB1C174C310063A112 /* RAMTransitionItemAnimation.swift in Sources */,
				0BFA99CF1C26F1DF00D2CE2D /* ChartAxisYLowLayerDefault.swift in Sources */,
				0BFA99DC1C26F22700D2CE2D /* ChartLabelDrawer.swift in Sources */,
				0BFA99EB1C26F26600D2CE2D /* ChartPointsLineTrackerLayer.swift in Sources */,
				F435EE851C1EC804004D8BAA /* BetViewController.swift in Sources */,
				F418CBDC1C174C310063A112 /* RAMAnimatedTabBarController.swift in Sources */,
				F418CBF91C1983DF0063A112 /* OddsMatchHttpRequest.swift in Sources */,
				0BFA99D51C26F21300D2CE2D /* ChartPoint.swift in Sources */,
				F418CBD71C174C310063A112 /* RAMBounceAnimation.swift in Sources */,
				0BFA99D21C26F1FB00D2CE2D /* ChartAxisValue.swift in Sources */,
				F435EECF1C204DEE004D8BAA /* Bet.swift in Sources */,
			);
			runOnlyForDeploymentPostprocessing = 0;
		};
		F418C35B1C160EF00063A112 /* Sources */ = {
			isa = PBXSourcesBuildPhase;
			buildActionMask = 2147483647;
			files = (
				F418C3641C160EF00063A112 /* MyAppTests.swift in Sources */,
			);
			runOnlyForDeploymentPostprocessing = 0;
		};
		F418C3661C160EF00063A112 /* Sources */ = {
			isa = PBXSourcesBuildPhase;
			buildActionMask = 2147483647;
			files = (
				F418C36F1C160EF00063A112 /* MyAppUITests.swift in Sources */,
			);
			runOnlyForDeploymentPostprocessing = 0;
		};
/* End PBXSourcesBuildPhase section */

/* Begin PBXTargetDependency section */
		F418C3611C160EF00063A112 /* PBXTargetDependency */ = {
			isa = PBXTargetDependency;
			target = F418C34A1C160EF00063A112 /* MyApp */;
			targetProxy = F418C3601C160EF00063A112 /* PBXContainerItemProxy */;
		};
		F418C36C1C160EF00063A112 /* PBXTargetDependency */ = {
			isa = PBXTargetDependency;
			target = F418C34A1C160EF00063A112 /* MyApp */;
			targetProxy = F418C36B1C160EF00063A112 /* PBXContainerItemProxy */;
		};
/* End PBXTargetDependency section */

/* Begin PBXVariantGroup section */
		F418C3571C160EF00063A112 /* LaunchScreen.storyboard */ = {
			isa = PBXVariantGroup;
			children = (
				F418C3581C160EF00063A112 /* Base */,
			);
			name = LaunchScreen.storyboard;
			sourceTree = "<group>";
		};
/* End PBXVariantGroup section */

/* Begin XCBuildConfiguration section */
		F418C3711C160EF00063A112 /* Debug */ = {
			isa = XCBuildConfiguration;
			buildSettings = {
				ALWAYS_SEARCH_USER_PATHS = NO;
				CLANG_CXX_LANGUAGE_STANDARD = "gnu++0x";
				CLANG_CXX_LIBRARY = "libc++";
				CLANG_ENABLE_MODULES = YES;
				CLANG_ENABLE_OBJC_ARC = YES;
				CLANG_WARN_BOOL_CONVERSION = YES;
				CLANG_WARN_CONSTANT_CONVERSION = YES;
				CLANG_WARN_DIRECT_OBJC_ISA_USAGE = YES_ERROR;
				CLANG_WARN_EMPTY_BODY = YES;
				CLANG_WARN_ENUM_CONVERSION = YES;
				CLANG_WARN_INT_CONVERSION = YES;
				CLANG_WARN_OBJC_ROOT_CLASS = YES_ERROR;
				CLANG_WARN_UNREACHABLE_CODE = YES;
				CLANG_WARN__DUPLICATE_METHOD_MATCH = YES;
				"CODE_SIGN_IDENTITY[sdk=iphoneos*]" = "iPhone Developer";
				COPY_PHASE_STRIP = NO;
				DEBUG_INFORMATION_FORMAT = dwarf;
				ENABLE_STRICT_OBJC_MSGSEND = YES;
				ENABLE_TESTABILITY = YES;
				GCC_C_LANGUAGE_STANDARD = gnu99;
				GCC_DYNAMIC_NO_PIC = NO;
				GCC_NO_COMMON_BLOCKS = YES;
				GCC_OPTIMIZATION_LEVEL = 0;
				GCC_PREPROCESSOR_DEFINITIONS = (
					"DEBUG=1",
					"$(inherited)",
				);
				GCC_WARN_64_TO_32_BIT_CONVERSION = YES;
				GCC_WARN_ABOUT_RETURN_TYPE = YES_ERROR;
				GCC_WARN_UNDECLARED_SELECTOR = YES;
				GCC_WARN_UNINITIALIZED_AUTOS = YES_AGGRESSIVE;
				GCC_WARN_UNUSED_FUNCTION = YES;
				GCC_WARN_UNUSED_VARIABLE = YES;
				IPHONEOS_DEPLOYMENT_TARGET = 9.1;
				MTL_ENABLE_DEBUG_INFO = YES;
				ONLY_ACTIVE_ARCH = YES;
				SDKROOT = iphoneos;
				SWIFT_OPTIMIZATION_LEVEL = "-Onone";
				TARGETED_DEVICE_FAMILY = "1,2";
			};
			name = Debug;
		};
		F418C3721C160EF00063A112 /* Release */ = {
			isa = XCBuildConfiguration;
			buildSettings = {
				ALWAYS_SEARCH_USER_PATHS = NO;
				CLANG_CXX_LANGUAGE_STANDARD = "gnu++0x";
				CLANG_CXX_LIBRARY = "libc++";
				CLANG_ENABLE_MODULES = YES;
				CLANG_ENABLE_OBJC_ARC = YES;
				CLANG_WARN_BOOL_CONVERSION = YES;
				CLANG_WARN_CONSTANT_CONVERSION = YES;
				CLANG_WARN_DIRECT_OBJC_ISA_USAGE = YES_ERROR;
				CLANG_WARN_EMPTY_BODY = YES;
				CLANG_WARN_ENUM_CONVERSION = YES;
				CLANG_WARN_INT_CONVERSION = YES;
				CLANG_WARN_OBJC_ROOT_CLASS = YES_ERROR;
				CLANG_WARN_UNREACHABLE_CODE = YES;
				CLANG_WARN__DUPLICATE_METHOD_MATCH = YES;
				"CODE_SIGN_IDENTITY[sdk=iphoneos*]" = "iPhone Developer";
				COPY_PHASE_STRIP = NO;
				DEBUG_INFORMATION_FORMAT = "dwarf-with-dsym";
				ENABLE_NS_ASSERTIONS = NO;
				ENABLE_STRICT_OBJC_MSGSEND = YES;
				GCC_C_LANGUAGE_STANDARD = gnu99;
				GCC_NO_COMMON_BLOCKS = YES;
				GCC_WARN_64_TO_32_BIT_CONVERSION = YES;
				GCC_WARN_ABOUT_RETURN_TYPE = YES_ERROR;
				GCC_WARN_UNDECLARED_SELECTOR = YES;
				GCC_WARN_UNINITIALIZED_AUTOS = YES_AGGRESSIVE;
				GCC_WARN_UNUSED_FUNCTION = YES;
				GCC_WARN_UNUSED_VARIABLE = YES;
				IPHONEOS_DEPLOYMENT_TARGET = 9.1;
				MTL_ENABLE_DEBUG_INFO = NO;
				SDKROOT = iphoneos;
				TARGETED_DEVICE_FAMILY = "1,2";
				VALIDATE_PRODUCT = YES;
			};
			name = Release;
		};
		F418C3741C160EF00063A112 /* Debug */ = {
			isa = XCBuildConfiguration;
			buildSettings = {
				ASSETCATALOG_COMPILER_APPICON_NAME = AppIcon;
				CLANG_ENABLE_MODULES = YES;
				FRAMEWORK_SEARCH_PATHS = (
					"$(inherited)",
					"$(PROJECT_DIR)/Carthage/Build/iOS",
				);
				HEADER_SEARCH_PATHS = "$(SDKROOT)/usr/include/libxml2";
				INFOPLIST_FILE = MyApp/Info.plist;
				IPHONEOS_DEPLOYMENT_TARGET = 8.1;
				LD_RUNPATH_SEARCH_PATHS = "$(inherited) @executable_path/Frameworks";
				LIBRARY_SEARCH_PATHS = (
					"$(inherited)",
					/opt/vagrant/embedded/lib,
				);
				PRODUCT_BUNDLE_IDENTIFIER = CM.MyApp;
				PRODUCT_NAME = "$(TARGET_NAME)";
				SWIFT_OBJC_BRIDGING_HEADER = "MyApp/MyApp-Bridging-Header.h";
				SWIFT_OPTIMIZATION_LEVEL = "-Onone";
			};
			name = Debug;
		};
		F418C3751C160EF00063A112 /* Release */ = {
			isa = XCBuildConfiguration;
			buildSettings = {
				ASSETCATALOG_COMPILER_APPICON_NAME = AppIcon;
				CLANG_ENABLE_MODULES = YES;
				FRAMEWORK_SEARCH_PATHS = (
					"$(inherited)",
					"$(PROJECT_DIR)/Carthage/Build/iOS",
				);
				HEADER_SEARCH_PATHS = "$(SDKROOT)/usr/include/libxml2";
				INFOPLIST_FILE = MyApp/Info.plist;
				IPHONEOS_DEPLOYMENT_TARGET = 8.1;
				LD_RUNPATH_SEARCH_PATHS = "$(inherited) @executable_path/Frameworks";
				LIBRARY_SEARCH_PATHS = (
					"$(inherited)",
					/opt/vagrant/embedded/lib,
				);
				PRODUCT_BUNDLE_IDENTIFIER = CM.MyApp;
				PRODUCT_NAME = "$(TARGET_NAME)";
				SWIFT_OBJC_BRIDGING_HEADER = "MyApp/MyApp-Bridging-Header.h";
			};
			name = Release;
		};
		F418C3771C160EF00063A112 /* Debug */ = {
			isa = XCBuildConfiguration;
			buildSettings = {
				BUNDLE_LOADER = "$(TEST_HOST)";
				INFOPLIST_FILE = MyAppTests/Info.plist;
				LD_RUNPATH_SEARCH_PATHS = "$(inherited) @executable_path/Frameworks @loader_path/Frameworks";
				PRODUCT_BUNDLE_IDENTIFIER = CM.MyAppTests;
				PRODUCT_NAME = "$(TARGET_NAME)";
				TEST_HOST = "$(BUILT_PRODUCTS_DIR)/MyApp.app/MyApp";
			};
			name = Debug;
		};
		F418C3781C160EF00063A112 /* Release */ = {
			isa = XCBuildConfiguration;
			buildSettings = {
				BUNDLE_LOADER = "$(TEST_HOST)";
				INFOPLIST_FILE = MyAppTests/Info.plist;
				LD_RUNPATH_SEARCH_PATHS = "$(inherited) @executable_path/Frameworks @loader_path/Frameworks";
				PRODUCT_BUNDLE_IDENTIFIER = CM.MyAppTests;
				PRODUCT_NAME = "$(TARGET_NAME)";
				TEST_HOST = "$(BUILT_PRODUCTS_DIR)/MyApp.app/MyApp";
			};
			name = Release;
		};
		F418C37A1C160EF00063A112 /* Debug */ = {
			isa = XCBuildConfiguration;
			buildSettings = {
				INFOPLIST_FILE = MyAppUITests/Info.plist;
				LD_RUNPATH_SEARCH_PATHS = "$(inherited) @executable_path/Frameworks @loader_path/Frameworks";
				PRODUCT_BUNDLE_IDENTIFIER = CM.MyAppUITests;
				PRODUCT_NAME = "$(TARGET_NAME)";
				TEST_TARGET_NAME = MyApp;
				USES_XCTRUNNER = YES;
			};
			name = Debug;
		};
		F418C37B1C160EF00063A112 /* Release */ = {
			isa = XCBuildConfiguration;
			buildSettings = {
				INFOPLIST_FILE = MyAppUITests/Info.plist;
				LD_RUNPATH_SEARCH_PATHS = "$(inherited) @executable_path/Frameworks @loader_path/Frameworks";
				PRODUCT_BUNDLE_IDENTIFIER = CM.MyAppUITests;
				PRODUCT_NAME = "$(TARGET_NAME)";
				TEST_TARGET_NAME = MyApp;
				USES_XCTRUNNER = YES;
			};
			name = Release;
		};
/* End XCBuildConfiguration section */

/* Begin XCConfigurationList section */
		F418C3461C160EF00063A112 /* Build configuration list for PBXProject "MyApp" */ = {
			isa = XCConfigurationList;
			buildConfigurations = (
				F418C3711C160EF00063A112 /* Debug */,
				F418C3721C160EF00063A112 /* Release */,
			);
			defaultConfigurationIsVisible = 0;
			defaultConfigurationName = Release;
		};
		F418C3731C160EF00063A112 /* Build configuration list for PBXNativeTarget "MyApp" */ = {
			isa = XCConfigurationList;
			buildConfigurations = (
				F418C3741C160EF00063A112 /* Debug */,
				F418C3751C160EF00063A112 /* Release */,
			);
			defaultConfigurationIsVisible = 0;
			defaultConfigurationName = Release;
		};
		F418C3761C160EF00063A112 /* Build configuration list for PBXNativeTarget "MyAppTests" */ = {
			isa = XCConfigurationList;
			buildConfigurations = (
				F418C3771C160EF00063A112 /* Debug */,
				F418C3781C160EF00063A112 /* Release */,
			);
			defaultConfigurationIsVisible = 0;
			defaultConfigurationName = Release;
		};
		F418C3791C160EF00063A112 /* Build configuration list for PBXNativeTarget "MyAppUITests" */ = {
			isa = XCConfigurationList;
			buildConfigurations = (
				F418C37A1C160EF00063A112 /* Debug */,
				F418C37B1C160EF00063A112 /* Release */,
			);
			defaultConfigurationIsVisible = 0;
			defaultConfigurationName = Release;
		};
/* End XCConfigurationList section */
	};
	rootObject = F418C3431C160EF00063A112 /* Project object */;
}
