// !$*UTF8*$!
{
	archiveVersion = 1;
	classes = {
	};
	objectVersion = 46;
	objects = {

/* Begin PBXBuildFile section */
		F418C34F1C160EF00063A112 /* AppDelegate.swift in Sources */ = {isa = PBXBuildFile; fileRef = F418C34E1C160EF00063A112 /* AppDelegate.swift */; };
		F418C3591C160EF00063A112 /* LaunchScreen.storyboard in Resources */ = {isa = PBXBuildFile; fileRef = F418C3571C160EF00063A112 /* LaunchScreen.storyboard */; };
		F418C3641C160EF00063A112 /* MyAppTests.swift in Sources */ = {isa = PBXBuildFile; fileRef = F418C3631C160EF00063A112 /* MyAppTests.swift */; };
		F418C36F1C160EF00063A112 /* MyAppUITests.swift in Sources */ = {isa = PBXBuildFile; fileRef = F418C36E1C160EF00063A112 /* MyAppUITests.swift */; };
		F418CB821C1610780063A112 /* Cartfile in Resources */ = {isa = PBXBuildFile; fileRef = F418CB811C1610780063A112 /* Cartfile */; };
		F418CB911C16179A0063A112 /* Kanna.framework in Frameworks */ = {isa = PBXBuildFile; fileRef = F418CB8F1C16179A0063A112 /* Kanna.framework */; };
		F418CB921C16179A0063A112 /* CollapsableTable.framework in Frameworks */ = {isa = PBXBuildFile; fileRef = F418CB901C16179A0063A112 /* CollapsableTable.framework */; };
		F418CB991C16191F0063A112 /* MenuModelBuilder.swift in Sources */ = {isa = PBXBuildFile; fileRef = F418CB981C16191F0063A112 /* MenuModelBuilder.swift */; };
		F418CB9B1C16192B0063A112 /* MenuSectionHeader.swift in Sources */ = {isa = PBXBuildFile; fileRef = F418CB9A1C16192B0063A112 /* MenuSectionHeader.swift */; };
		F418CB9D1C1619310063A112 /* MenuViewController.swift in Sources */ = {isa = PBXBuildFile; fileRef = F418CB9C1C1619310063A112 /* MenuViewController.swift */; };
		F418CB9F1C16194C0063A112 /* Main.storyboard in Resources */ = {isa = PBXBuildFile; fileRef = F418CB9E1C16194C0063A112 /* Main.storyboard */; };
		F418CBA11C1619690063A112 /* MenuSectionHeaderView.xib in Resources */ = {isa = PBXBuildFile; fileRef = F418CBA01C1619690063A112 /* MenuSectionHeaderView.xib */; };
		F418CBAA1C16C1AB0063A112 /* CollapsableTableProtocols.swift in Sources */ = {isa = PBXBuildFile; fileRef = F418CBA91C16C1AB0063A112 /* CollapsableTableProtocols.swift */; };
		F418CBAC1C16C1EF0063A112 /* CollapsableTableScene.swift in Sources */ = {isa = PBXBuildFile; fileRef = F418CBAB1C16C1EF0063A112 /* CollapsableTableScene.swift */; };
		F418CBB61C16E9AD0063A112 /* MatchListTableViewController.swift in Sources */ = {isa = PBXBuildFile; fileRef = F418CBB51C16E9AD0063A112 /* MatchListTableViewController.swift */; };
		F418CBB81C16E9CC0063A112 /* MatchTableViewCell.swift in Sources */ = {isa = PBXBuildFile; fileRef = F418CBB71C16E9CC0063A112 /* MatchTableViewCell.swift */; };
		F418CBBA1C16E9DF0063A112 /* Match.swift in Sources */ = {isa = PBXBuildFile; fileRef = F418CBB91C16E9DF0063A112 /* Match.swift */; };
		F418CBBC1C16EA010063A112 /* SoccerInformationModel.swift in Sources */ = {isa = PBXBuildFile; fileRef = F418CBBB1C16EA010063A112 /* SoccerInformationModel.swift */; };
		F418CBBE1C16EA060063A112 /* SingletonSoccerInformationModel.swift in Sources */ = {isa = PBXBuildFile; fileRef = F418CBBD1C16EA060063A112 /* SingletonSoccerInformationModel.swift */; };
		F418CBC01C16EA0F0063A112 /* ParserHtml.swift in Sources */ = {isa = PBXBuildFile; fileRef = F418CBBF1C16EA0F0063A112 /* ParserHtml.swift */; };
		F418CBC21C16F2240063A112 /* Assets.xcassets in Resources */ = {isa = PBXBuildFile; fileRef = F418CBC11C16F2240063A112 /* Assets.xcassets */; };
		F418CBC41C1727950063A112 /* MatchListRequest.swift in Sources */ = {isa = PBXBuildFile; fileRef = F418CBC31C1727950063A112 /* MatchListRequest.swift */; };
		F418CBC61C172A6A0063A112 /* StringForTheWebHelper.swift in Sources */ = {isa = PBXBuildFile; fileRef = F418CBC51C172A6A0063A112 /* StringForTheWebHelper.swift */; };
/* End PBXBuildFile section */

/* Begin PBXContainerItemProxy section */
		F418C3601C160EF00063A112 /* PBXContainerItemProxy */ = {
			isa = PBXContainerItemProxy;
			containerPortal = F418C3431C160EF00063A112 /* Project object */;
			proxyType = 1;
			remoteGlobalIDString = F418C34A1C160EF00063A112;
			remoteInfo = MyApp;
		};
		F418C36B1C160EF00063A112 /* PBXContainerItemProxy */ = {
			isa = PBXContainerItemProxy;
			containerPortal = F418C3431C160EF00063A112 /* Project object */;
			proxyType = 1;
			remoteGlobalIDString = F418C34A1C160EF00063A112;
			remoteInfo = MyApp;
		};
/* End PBXContainerItemProxy section */

/* Begin PBXFileReference section */
		F418C34B1C160EF00063A112 /* MyApp.app */ = {isa = PBXFileReference; explicitFileType = wrapper.application; includeInIndex = 0; path = MyApp.app; sourceTree = BUILT_PRODUCTS_DIR; };
		F418C34E1C160EF00063A112 /* AppDelegate.swift */ = {isa = PBXFileReference; lastKnownFileType = sourcecode.swift; path = AppDelegate.swift; sourceTree = "<group>"; };
		F418C3581C160EF00063A112 /* Base */ = {isa = PBXFileReference; lastKnownFileType = file.storyboard; name = Base; path = Base.lproj/LaunchScreen.storyboard; sourceTree = "<group>"; };
		F418C35A1C160EF00063A112 /* Info.plist */ = {isa = PBXFileReference; lastKnownFileType = text.plist.xml; path = Info.plist; sourceTree = "<group>"; };
		F418C35F1C160EF00063A112 /* MyAppTests.xctest */ = {isa = PBXFileReference; explicitFileType = wrapper.cfbundle; includeInIndex = 0; path = MyAppTests.xctest; sourceTree = BUILT_PRODUCTS_DIR; };
		F418C3631C160EF00063A112 /* MyAppTests.swift */ = {isa = PBXFileReference; lastKnownFileType = sourcecode.swift; path = MyAppTests.swift; sourceTree = "<group>"; };
		F418C3651C160EF00063A112 /* Info.plist */ = {isa = PBXFileReference; lastKnownFileType = text.plist.xml; path = Info.plist; sourceTree = "<group>"; };
		F418C36A1C160EF00063A112 /* MyAppUITests.xctest */ = {isa = PBXFileReference; explicitFileType = wrapper.cfbundle; includeInIndex = 0; path = MyAppUITests.xctest; sourceTree = BUILT_PRODUCTS_DIR; };
		F418C36E1C160EF00063A112 /* MyAppUITests.swift */ = {isa = PBXFileReference; lastKnownFileType = sourcecode.swift; path = MyAppUITests.swift; sourceTree = "<group>"; };
		F418C3701C160EF00063A112 /* Info.plist */ = {isa = PBXFileReference; lastKnownFileType = text.plist.xml; path = Info.plist; sourceTree = "<group>"; };
		F418CB811C1610780063A112 /* Cartfile */ = {isa = PBXFileReference; fileEncoding = 4; lastKnownFileType = text; name = Cartfile; path = ../Cartfile; sourceTree = "<group>"; };
		F418CB8F1C16179A0063A112 /* Kanna.framework */ = {isa = PBXFileReference; lastKnownFileType = wrapper.framework; name = Kanna.framework; path = Carthage/Build/iOS/Kanna.framework; sourceTree = "<group>"; };
		F418CB901C16179A0063A112 /* CollapsableTable.framework */ = {isa = PBXFileReference; lastKnownFileType = wrapper.framework; name = CollapsableTable.framework; path = Carthage/Build/iOS/CollapsableTable.framework; sourceTree = "<group>"; };
		F418CB981C16191F0063A112 /* MenuModelBuilder.swift */ = {isa = PBXFileReference; fileEncoding = 4; lastKnownFileType = sourcecode.swift; path = MenuModelBuilder.swift; sourceTree = "<group>"; };
		F418CB9A1C16192B0063A112 /* MenuSectionHeader.swift */ = {isa = PBXFileReference; fileEncoding = 4; lastKnownFileType = sourcecode.swift; path = MenuSectionHeader.swift; sourceTree = "<group>"; };
		F418CB9C1C1619310063A112 /* MenuViewController.swift */ = {isa = PBXFileReference; fileEncoding = 4; lastKnownFileType = sourcecode.swift; path = MenuViewController.swift; sourceTree = "<group>"; };
		F418CB9E1C16194C0063A112 /* Main.storyboard */ = {isa = PBXFileReference; fileEncoding = 4; lastKnownFileType = file.storyboard; path = Main.storyboard; sourceTree = "<group>"; };
		F418CBA01C1619690063A112 /* MenuSectionHeaderView.xib */ = {isa = PBXFileReference; fileEncoding = 4; lastKnownFileType = file.xib; path = MenuSectionHeaderView.xib; sourceTree = "<group>"; };
		F418CBA91C16C1AB0063A112 /* CollapsableTableProtocols.swift */ = {isa = PBXFileReference; fileEncoding = 4; lastKnownFileType = sourcecode.swift; path = CollapsableTableProtocols.swift; sourceTree = "<group>"; };
		F418CBAB1C16C1EF0063A112 /* CollapsableTableScene.swift */ = {isa = PBXFileReference; fileEncoding = 4; lastKnownFileType = sourcecode.swift; path = CollapsableTableScene.swift; sourceTree = "<group>"; };
		F418CBB51C16E9AD0063A112 /* MatchListTableViewController.swift */ = {isa = PBXFileReference; fileEncoding = 4; lastKnownFileType = sourcecode.swift; path = MatchListTableViewController.swift; sourceTree = "<group>"; };
		F418CBB71C16E9CC0063A112 /* MatchTableViewCell.swift */ = {isa = PBXFileReference; fileEncoding = 4; lastKnownFileType = sourcecode.swift; path = MatchTableViewCell.swift; sourceTree = "<group>"; };
		F418CBB91C16E9DF0063A112 /* Match.swift */ = {isa = PBXFileReference; fileEncoding = 4; lastKnownFileType = sourcecode.swift; path = Match.swift; sourceTree = "<group>"; };
		F418CBBB1C16EA010063A112 /* SoccerInformationModel.swift */ = {isa = PBXFileReference; fileEncoding = 4; lastKnownFileType = sourcecode.swift; path = SoccerInformationModel.swift; sourceTree = "<group>"; };
		F418CBBD1C16EA060063A112 /* SingletonSoccerInformationModel.swift */ = {isa = PBXFileReference; fileEncoding = 4; lastKnownFileType = sourcecode.swift; path = SingletonSoccerInformationModel.swift; sourceTree = "<group>"; };
		F418CBBF1C16EA0F0063A112 /* ParserHtml.swift */ = {isa = PBXFileReference; fileEncoding = 4; lastKnownFileType = sourcecode.swift; path = ParserHtml.swift; sourceTree = "<group>"; };
		F418CBC11C16F2240063A112 /* Assets.xcassets */ = {isa = PBXFileReference; lastKnownFileType = folder.assetcatalog; path = Assets.xcassets; sourceTree = "<group>"; };
		F418CBC31C1727950063A112 /* MatchListRequest.swift */ = {isa = PBXFileReference; fileEncoding = 4; lastKnownFileType = sourcecode.swift; path = MatchListRequest.swift; sourceTree = "<group>"; };
		F418CBC51C172A6A0063A112 /* StringForTheWebHelper.swift */ = {isa = PBXFileReference; fileEncoding = 4; lastKnownFileType = sourcecode.swift; path = StringForTheWebHelper.swift; sourceTree = "<group>"; };
/* End PBXFileReference section */

/* Begin PBXFrameworksBuildPhase section */
		F418C3481C160EF00063A112 /* Frameworks */ = {
			isa = PBXFrameworksBuildPhase;
			buildActionMask = 2147483647;
			files = (
				F418CB911C16179A0063A112 /* Kanna.framework in Frameworks */,
				F418CB921C16179A0063A112 /* CollapsableTable.framework in Frameworks */,
			);
			runOnlyForDeploymentPostprocessing = 0;
		};
		F418C35C1C160EF00063A112 /* Frameworks */ = {
			isa = PBXFrameworksBuildPhase;
			buildActionMask = 2147483647;
			files = (
			);
			runOnlyForDeploymentPostprocessing = 0;
		};
		F418C3671C160EF00063A112 /* Frameworks */ = {
			isa = PBXFrameworksBuildPhase;
			buildActionMask = 2147483647;
			files = (
			);
			runOnlyForDeploymentPostprocessing = 0;
		};
/* End PBXFrameworksBuildPhase section */

/* Begin PBXGroup section */
		F418C3421C160EF00063A112 = {
			isa = PBXGroup;
			children = (
				F418C34D1C160EF00063A112 /* MyApp */,
				F418C3621C160EF00063A112 /* MyAppTests */,
				F418C36D1C160EF00063A112 /* MyAppUITests */,
				F418C34C1C160EF00063A112 /* Products */,
				F418CB931C1618640063A112 /* FrameWork */,
			);
			sourceTree = "<group>";
		};
		F418C34C1C160EF00063A112 /* Products */ = {
			isa = PBXGroup;
			children = (
				F418C34B1C160EF00063A112 /* MyApp.app */,
				F418C35F1C160EF00063A112 /* MyAppTests.xctest */,
				F418C36A1C160EF00063A112 /* MyAppUITests.xctest */,
			);
			name = Products;
			sourceTree = "<group>";
		};
		F418C34D1C160EF00063A112 /* MyApp */ = {
			isa = PBXGroup;
			children = (
				F418CB9E1C16194C0063A112 /* Main.storyboard */,
				F418CB971C1618EC0063A112 /* View */,
				F418CB961C1618E60063A112 /* Controller */,
				F418CB951C1618DE0063A112 /* Model */,
				F418CB941C1618BF0063A112 /* Supporting Files */,
			);
			path = MyApp;
			sourceTree = "<group>";
		};
		F418C3621C160EF00063A112 /* MyAppTests */ = {
			isa = PBXGroup;
			children = (
				F418C3631C160EF00063A112 /* MyAppTests.swift */,
				F418C3651C160EF00063A112 /* Info.plist */,
			);
			path = MyAppTests;
			sourceTree = "<group>";
		};
		F418C36D1C160EF00063A112 /* MyAppUITests */ = {
			isa = PBXGroup;
			children = (
				F418C36E1C160EF00063A112 /* MyAppUITests.swift */,
				F418C3701C160EF00063A112 /* Info.plist */,
			);
			path = MyAppUITests;
			sourceTree = "<group>";
		};
		F418CB931C1618640063A112 /* FrameWork */ = {
			isa = PBXGroup;
			children = (
				F418CB8F1C16179A0063A112 /* Kanna.framework */,
				F418CB901C16179A0063A112 /* CollapsableTable.framework */,
			);
			name = FrameWork;
			sourceTree = "<group>";
		};
		F418CB941C1618BF0063A112 /* Supporting Files */ = {
			isa = PBXGroup;
			children = (
				F418CBC11C16F2240063A112 /* Assets.xcassets */,
				F418CBAB1C16C1EF0063A112 /* CollapsableTableScene.swift */,
				F418CBA91C16C1AB0063A112 /* CollapsableTableProtocols.swift */,
				F418C34E1C160EF00063A112 /* AppDelegate.swift */,
				F418CBA01C1619690063A112 /* MenuSectionHeaderView.xib */,
				F418C3571C160EF00063A112 /* LaunchScreen.storyboard */,
				F418C35A1C160EF00063A112 /* Info.plist */,
				F418CB811C1610780063A112 /* Cartfile */,
			);
			name = "Supporting Files";
			sourceTree = "<group>";
		};
		F418CB951C1618DE0063A112 /* Model */ = {
			isa = PBXGroup;
			children = (
				F418CBBF1C16EA0F0063A112 /* ParserHtml.swift */,
				F418CBBD1C16EA060063A112 /* SingletonSoccerInformationModel.swift */,
				F418CBBB1C16EA010063A112 /* SoccerInformationModel.swift */,
				F418CB981C16191F0063A112 /* MenuModelBuilder.swift */,
				F418CBB91C16E9DF0063A112 /* Match.swift */,
				F418CBC31C1727950063A112 /* MatchListRequest.swift */,
				F418CBC51C172A6A0063A112 /* StringForTheWebHelper.swift */,
			);
			name = Model;
			sourceTree = "<group>";
		};
		F418CB961C1618E60063A112 /* Controller */ = {
			isa = PBXGroup;
			children = (
				F418CBB51C16E9AD0063A112 /* MatchListTableViewController.swift */,
				F418CB9C1C1619310063A112 /* MenuViewController.swift */,
			);
			name = Controller;
			sourceTree = "<group>";
		};
		F418CB971C1618EC0063A112 /* View */ = {
			isa = PBXGroup;
			children = (
				F418CBB71C16E9CC0063A112 /* MatchTableViewCell.swift */,
				F418CB9A1C16192B0063A112 /* MenuSectionHeader.swift */,
			);
			name = View;
			sourceTree = "<group>";
		};
/* End PBXGroup section */

/* Begin PBXNativeTarget section */
		F418C34A1C160EF00063A112 /* MyApp */ = {
			isa = PBXNativeTarget;
			buildConfigurationList = F418C3731C160EF00063A112 /* Build configuration list for PBXNativeTarget "MyApp" */;
			buildPhases = (
				F418C3471C160EF00063A112 /* Sources */,
				F418C3481C160EF00063A112 /* Frameworks */,
				F418C3491C160EF00063A112 /* Resources */,
				F418CBA21C161BCA0063A112 /* ShellScript */,
			);
			buildRules = (
			);
			dependencies = (
			);
			name = MyApp;
			productName = MyApp;
			productReference = F418C34B1C160EF00063A112 /* MyApp.app */;
			productType = "com.apple.product-type.application";
		};
		F418C35E1C160EF00063A112 /* MyAppTests */ = {
			isa = PBXNativeTarget;
			buildConfigurationList = F418C3761C160EF00063A112 /* Build configuration list for PBXNativeTarget "MyAppTests" */;
			buildPhases = (
				F418C35B1C160EF00063A112 /* Sources */,
				F418C35C1C160EF00063A112 /* Frameworks */,
				F418C35D1C160EF00063A112 /* Resources */,
			);
			buildRules = (
			);
			dependencies = (
				F418C3611C160EF00063A112 /* PBXTargetDependency */,
			);
			name = MyAppTests;
			productName = MyAppTests;
			productReference = F418C35F1C160EF00063A112 /* MyAppTests.xctest */;
			productType = "com.apple.product-type.bundle.unit-test";
		};
		F418C3691C160EF00063A112 /* MyAppUITests */ = {
			isa = PBXNativeTarget;
			buildConfigurationList = F418C3791C160EF00063A112 /* Build configuration list for PBXNativeTarget "MyAppUITests" */;
			buildPhases = (
				F418C3661C160EF00063A112 /* Sources */,
				F418C3671C160EF00063A112 /* Frameworks */,
				F418C3681C160EF00063A112 /* Resources */,
			);
			buildRules = (
			);
			dependencies = (
				F418C36C1C160EF00063A112 /* PBXTargetDependency */,
			);
			name = MyAppUITests;
			productName = MyAppUITests;
			productReference = F418C36A1C160EF00063A112 /* MyAppUITests.xctest */;
			productType = "com.apple.product-type.bundle.ui-testing";
		};
/* End PBXNativeTarget section */

/* Begin PBXProject section */
		F418C3431C160EF00063A112 /* Project object */ = {
			isa = PBXProject;
			attributes = {
				LastSwiftUpdateCheck = 0710;
				LastUpgradeCheck = 0710;
				ORGANIZATIONNAME = CimboMatte;
				TargetAttributes = {
					F418C34A1C160EF00063A112 = {
						CreatedOnToolsVersion = 7.1.1;
						DevelopmentTeam = MK2CD9XMN2;
					};
					F418C35E1C160EF00063A112 = {
						CreatedOnToolsVersion = 7.1.1;
						DevelopmentTeam = MK2CD9XMN2;
						TestTargetID = F418C34A1C160EF00063A112;
					};
					F418C3691C160EF00063A112 = {
						CreatedOnToolsVersion = 7.1.1;
						DevelopmentTeam = MK2CD9XMN2;
						TestTargetID = F418C34A1C160EF00063A112;
					};
				};
			};
			buildConfigurationList = F418C3461C160EF00063A112 /* Build configuration list for PBXProject "MyApp" */;
			compatibilityVersion = "Xcode 3.2";
			developmentRegion = English;
			hasScannedForEncodings = 0;
			knownRegions = (
				en,
				Base,
			);
			mainGroup = F418C3421C160EF00063A112;
			productRefGroup = F418C34C1C160EF00063A112 /* Products */;
			projectDirPath = "";
			projectRoot = "";
			targets = (
				F418C34A1C160EF00063A112 /* MyApp */,
				F418C35E1C160EF00063A112 /* MyAppTests */,
				F418C3691C160EF00063A112 /* MyAppUITests */,
			);
		};
/* End PBXProject section */

/* Begin PBXResourcesBuildPhase section */
		F418C3491C160EF00063A112 /* Resources */ = {
			isa = PBXResourcesBuildPhase;
			buildActionMask = 2147483647;
			files = (
				F418C3591C160EF00063A112 /* LaunchScreen.storyboard in Resources */,
				F418CBA11C1619690063A112 /* MenuSectionHeaderView.xib in Resources */,
				F418CB821C1610780063A112 /* Cartfile in Resources */,
				F418CB9F1C16194C0063A112 /* Main.storyboard in Resources */,
				F418CBC21C16F2240063A112 /* Assets.xcassets in Resources */,
			);
			runOnlyForDeploymentPostprocessing = 0;
		};
		F418C35D1C160EF00063A112 /* Resources */ = {
			isa = PBXResourcesBuildPhase;
			buildActionMask = 2147483647;
			files = (
			);
			runOnlyForDeploymentPostprocessing = 0;
		};
		F418C3681C160EF00063A112 /* Resources */ = {
			isa = PBXResourcesBuildPhase;
			buildActionMask = 2147483647;
			files = (
			);
			runOnlyForDeploymentPostprocessing = 0;
		};
/* End PBXResourcesBuildPhase section */

/* Begin PBXShellScriptBuildPhase section */
		F418CBA21C161BCA0063A112 /* ShellScript */ = {
			isa = PBXShellScriptBuildPhase;
			buildActionMask = 2147483647;
			files = (
			);
			inputPaths = (
				"$(SRCROOT)/Carthage/Build/iOS/Kanna.framework",
				"$(SRCROOT)/Carthage/Build/iOS/CollapsableTable.framework",
			);
			outputPaths = (
			);
			runOnlyForDeploymentPostprocessing = 0;
			shellPath = "/usr/local/bin/carthage copy-frameworks";
			shellScript = "";
		};
/* End PBXShellScriptBuildPhase section */

/* Begin PBXSourcesBuildPhase section */
		F418C3471C160EF00063A112 /* Sources */ = {
			isa = PBXSourcesBuildPhase;
			buildActionMask = 2147483647;
			files = (
				F418CB991C16191F0063A112 /* MenuModelBuilder.swift in Sources */,
				F418CBAA1C16C1AB0063A112 /* CollapsableTableProtocols.swift in Sources */,
				F418CBBA1C16E9DF0063A112 /* Match.swift in Sources */,
				F418CBAC1C16C1EF0063A112 /* CollapsableTableScene.swift in Sources */,
				F418CBC41C1727950063A112 /* MatchListRequest.swift in Sources */,
				F418CBC61C172A6A0063A112 /* StringForTheWebHelper.swift in Sources */,
				F418CBB81C16E9CC0063A112 /* MatchTableViewCell.swift in Sources */,
				F418CB9B1C16192B0063A112 /* MenuSectionHeader.swift in Sources */,
				F418CBBE1C16EA060063A112 /* SingletonSoccerInformationModel.swift in Sources */,
				F418CB9D1C1619310063A112 /* MenuViewController.swift in Sources */,
				F418C34F1C160EF00063A112 /* AppDelegate.swift in Sources */,
				F418CBC01C16EA0F0063A112 /* ParserHtml.swift in Sources */,
				F418CBB61C16E9AD0063A112 /* MatchListTableViewController.swift in Sources */,
				F418CBBC1C16EA010063A112 /* SoccerInformationModel.swift in Sources */,
			);
			runOnlyForDeploymentPostprocessing = 0;
		};
		F418C35B1C160EF00063A112 /* Sources */ = {
			isa = PBXSourcesBuildPhase;
			buildActionMask = 2147483647;
			files = (
				F418C3641C160EF00063A112 /* MyAppTests.swift in Sources */,
			);
			runOnlyForDeploymentPostprocessing = 0;
		};
		F418C3661C160EF00063A112 /* Sources */ = {
			isa = PBXSourcesBuildPhase;
			buildActionMask = 2147483647;
			files = (
				F418C36F1C160EF00063A112 /* MyAppUITests.swift in Sources */,
			);
			runOnlyForDeploymentPostprocessing = 0;
		};
/* End PBXSourcesBuildPhase section */

/* Begin PBXTargetDependency section */
		F418C3611C160EF00063A112 /* PBXTargetDependency */ = {
			isa = PBXTargetDependency;
			target = F418C34A1C160EF00063A112 /* MyApp */;
			targetProxy = F418C3601C160EF00063A112 /* PBXContainerItemProxy */;
		};
		F418C36C1C160EF00063A112 /* PBXTargetDependency */ = {
			isa = PBXTargetDependency;
			target = F418C34A1C160EF00063A112 /* MyApp */;
			targetProxy = F418C36B1C160EF00063A112 /* PBXContainerItemProxy */;
		};
/* End PBXTargetDependency section */

/* Begin PBXVariantGroup section */
		F418C3571C160EF00063A112 /* LaunchScreen.storyboard */ = {
			isa = PBXVariantGroup;
			children = (
				F418C3581C160EF00063A112 /* Base */,
			);
			name = LaunchScreen.storyboard;
			sourceTree = "<group>";
		};
/* End PBXVariantGroup section */

/* Begin XCBuildConfiguration section */
		F418C3711C160EF00063A112 /* Debug */ = {
			isa = XCBuildConfiguration;
			buildSettings = {
				ALWAYS_SEARCH_USER_PATHS = NO;
				CLANG_CXX_LANGUAGE_STANDARD = "gnu++0x";
				CLANG_CXX_LIBRARY = "libc++";
				CLANG_ENABLE_MODULES = YES;
				CLANG_ENABLE_OBJC_ARC = YES;
				CLANG_WARN_BOOL_CONVERSION = YES;
				CLANG_WARN_CONSTANT_CONVERSION = YES;
				CLANG_WARN_DIRECT_OBJC_ISA_USAGE = YES_ERROR;
				CLANG_WARN_EMPTY_BODY = YES;
				CLANG_WARN_ENUM_CONVERSION = YES;
				CLANG_WARN_INT_CONVERSION = YES;
				CLANG_WARN_OBJC_ROOT_CLASS = YES_ERROR;
				CLANG_WARN_UNREACHABLE_CODE = YES;
				CLANG_WARN__DUPLICATE_METHOD_MATCH = YES;
				"CODE_SIGN_IDENTITY[sdk=iphoneos*]" = "iPhone Developer";
				COPY_PHASE_STRIP = NO;
				DEBUG_INFORMATION_FORMAT = dwarf;
				ENABLE_STRICT_OBJC_MSGSEND = YES;
				ENABLE_TESTABILITY = YES;
				GCC_C_LANGUAGE_STANDARD = gnu99;
				GCC_DYNAMIC_NO_PIC = NO;
				GCC_NO_COMMON_BLOCKS = YES;
				GCC_OPTIMIZATION_LEVEL = 0;
				GCC_PREPROCESSOR_DEFINITIONS = (
					"DEBUG=1",
					"$(inherited)",
				);
				GCC_WARN_64_TO_32_BIT_CONVERSION = YES;
				GCC_WARN_ABOUT_RETURN_TYPE = YES_ERROR;
				GCC_WARN_UNDECLARED_SELECTOR = YES;
				GCC_WARN_UNINITIALIZED_AUTOS = YES_AGGRESSIVE;
				GCC_WARN_UNUSED_FUNCTION = YES;
				GCC_WARN_UNUSED_VARIABLE = YES;
				IPHONEOS_DEPLOYMENT_TARGET = 9.1;
				MTL_ENABLE_DEBUG_INFO = YES;
				ONLY_ACTIVE_ARCH = YES;
				SDKROOT = iphoneos;
				SWIFT_OPTIMIZATION_LEVEL = "-Onone";
				TARGETED_DEVICE_FAMILY = "1,2";
			};
			name = Debug;
		};
		F418C3721C160EF00063A112 /* Release */ = {
			isa = XCBuildConfiguration;
			buildSettings = {
				ALWAYS_SEARCH_USER_PATHS = NO;
				CLANG_CXX_LANGUAGE_STANDARD = "gnu++0x";
				CLANG_CXX_LIBRARY = "libc++";
				CLANG_ENABLE_MODULES = YES;
				CLANG_ENABLE_OBJC_ARC = YES;
				CLANG_WARN_BOOL_CONVERSION = YES;
				CLANG_WARN_CONSTANT_CONVERSION = YES;
				CLANG_WARN_DIRECT_OBJC_ISA_USAGE = YES_ERROR;
				CLANG_WARN_EMPTY_BODY = YES;
				CLANG_WARN_ENUM_CONVERSION = YES;
				CLANG_WARN_INT_CONVERSION = YES;
				CLANG_WARN_OBJC_ROOT_CLASS = YES_ERROR;
				CLANG_WARN_UNREACHABLE_CODE = YES;
				CLANG_WARN__DUPLICATE_METHOD_MATCH = YES;
				"CODE_SIGN_IDENTITY[sdk=iphoneos*]" = "iPhone Developer";
				COPY_PHASE_STRIP = NO;
				DEBUG_INFORMATION_FORMAT = "dwarf-with-dsym";
				ENABLE_NS_ASSERTIONS = NO;
				ENABLE_STRICT_OBJC_MSGSEND = YES;
				GCC_C_LANGUAGE_STANDARD = gnu99;
				GCC_NO_COMMON_BLOCKS = YES;
				GCC_WARN_64_TO_32_BIT_CONVERSION = YES;
				GCC_WARN_ABOUT_RETURN_TYPE = YES_ERROR;
				GCC_WARN_UNDECLARED_SELECTOR = YES;
				GCC_WARN_UNINITIALIZED_AUTOS = YES_AGGRESSIVE;
				GCC_WARN_UNUSED_FUNCTION = YES;
				GCC_WARN_UNUSED_VARIABLE = YES;
				IPHONEOS_DEPLOYMENT_TARGET = 9.1;
				MTL_ENABLE_DEBUG_INFO = NO;
				SDKROOT = iphoneos;
				TARGETED_DEVICE_FAMILY = "1,2";
				VALIDATE_PRODUCT = YES;
			};
			name = Release;
		};
		F418C3741C160EF00063A112 /* Debug */ = {
			isa = XCBuildConfiguration;
			buildSettings = {
				ASSETCATALOG_COMPILER_APPICON_NAME = AppIcon;
				FRAMEWORK_SEARCH_PATHS = (
					"$(inherited)",
					"$(PROJECT_DIR)/Carthage/Build/iOS",
				);
				HEADER_SEARCH_PATHS = "$(SDKROOT)/usr/include/libxml2";
				INFOPLIST_FILE = MyApp/Info.plist;
				LD_RUNPATH_SEARCH_PATHS = "$(inherited) @executable_path/Frameworks";
				PRODUCT_BUNDLE_IDENTIFIER = CM.MyApp;
				PRODUCT_NAME = "$(TARGET_NAME)";
			};
			name = Debug;
		};
		F418C3751C160EF00063A112 /* Release */ = {
			isa = XCBuildConfiguration;
			buildSettings = {
				ASSETCATALOG_COMPILER_APPICON_NAME = AppIcon;
				FRAMEWORK_SEARCH_PATHS = (
					"$(inherited)",
					"$(PROJECT_DIR)/Carthage/Build/iOS",
				);
				HEADER_SEARCH_PATHS = "$(SDKROOT)/usr/include/libxml2";
				INFOPLIST_FILE = MyApp/Info.plist;
				LD_RUNPATH_SEARCH_PATHS = "$(inherited) @executable_path/Frameworks";
				PRODUCT_BUNDLE_IDENTIFIER = CM.MyApp;
				PRODUCT_NAME = "$(TARGET_NAME)";
			};
			name = Release;
		};
		F418C3771C160EF00063A112 /* Debug */ = {
			isa = XCBuildConfiguration;
			buildSettings = {
				BUNDLE_LOADER = "$(TEST_HOST)";
				INFOPLIST_FILE = MyAppTests/Info.plist;
				LD_RUNPATH_SEARCH_PATHS = "$(inherited) @executable_path/Frameworks @loader_path/Frameworks";
				PRODUCT_BUNDLE_IDENTIFIER = CM.MyAppTests;
				PRODUCT_NAME = "$(TARGET_NAME)";
				TEST_HOST = "$(BUILT_PRODUCTS_DIR)/MyApp.app/MyApp";
			};
			name = Debug;
		};
		F418C3781C160EF00063A112 /* Release */ = {
			isa = XCBuildConfiguration;
			buildSettings = {
				BUNDLE_LOADER = "$(TEST_HOST)";
				INFOPLIST_FILE = MyAppTests/Info.plist;
				LD_RUNPATH_SEARCH_PATHS = "$(inherited) @executable_path/Frameworks @loader_path/Frameworks";
				PRODUCT_BUNDLE_IDENTIFIER = CM.MyAppTests;
				PRODUCT_NAME = "$(TARGET_NAME)";
				TEST_HOST = "$(BUILT_PRODUCTS_DIR)/MyApp.app/MyApp";
			};
			name = Release;
		};
		F418C37A1C160EF00063A112 /* Debug */ = {
			isa = XCBuildConfiguration;
			buildSettings = {
				INFOPLIST_FILE = MyAppUITests/Info.plist;
				LD_RUNPATH_SEARCH_PATHS = "$(inherited) @executable_path/Frameworks @loader_path/Frameworks";
				PRODUCT_BUNDLE_IDENTIFIER = CM.MyAppUITests;
				PRODUCT_NAME = "$(TARGET_NAME)";
				TEST_TARGET_NAME = MyApp;
				USES_XCTRUNNER = YES;
			};
			name = Debug;
		};
		F418C37B1C160EF00063A112 /* Release */ = {
			isa = XCBuildConfiguration;
			buildSettings = {
				INFOPLIST_FILE = MyAppUITests/Info.plist;
				LD_RUNPATH_SEARCH_PATHS = "$(inherited) @executable_path/Frameworks @loader_path/Frameworks";
				PRODUCT_BUNDLE_IDENTIFIER = CM.MyAppUITests;
				PRODUCT_NAME = "$(TARGET_NAME)";
				TEST_TARGET_NAME = MyApp;
				USES_XCTRUNNER = YES;
			};
			name = Release;
		};
/* End XCBuildConfiguration section */

/* Begin XCConfigurationList section */
		F418C3461C160EF00063A112 /* Build configuration list for PBXProject "MyApp" */ = {
			isa = XCConfigurationList;
			buildConfigurations = (
				F418C3711C160EF00063A112 /* Debug */,
				F418C3721C160EF00063A112 /* Release */,
			);
			defaultConfigurationIsVisible = 0;
			defaultConfigurationName = Release;
		};
		F418C3731C160EF00063A112 /* Build configuration list for PBXNativeTarget "MyApp" */ = {
			isa = XCConfigurationList;
			buildConfigurations = (
				F418C3741C160EF00063A112 /* Debug */,
				F418C3751C160EF00063A112 /* Release */,
			);
			defaultConfigurationIsVisible = 0;
			defaultConfigurationName = Release;
		};
		F418C3761C160EF00063A112 /* Build configuration list for PBXNativeTarget "MyAppTests" */ = {
			isa = XCConfigurationList;
			buildConfigurations = (
				F418C3771C160EF00063A112 /* Debug */,
				F418C3781C160EF00063A112 /* Release */,
			);
			defaultConfigurationIsVisible = 0;
			defaultConfigurationName = Release;
		};
		F418C3791C160EF00063A112 /* Build configuration list for PBXNativeTarget "MyAppUITests" */ = {
			isa = XCConfigurationList;
			buildConfigurations = (
				F418C37A1C160EF00063A112 /* Debug */,
				F418C37B1C160EF00063A112 /* Release */,
			);
			defaultConfigurationIsVisible = 0;
			defaultConfigurationName = Release;
		};
/* End XCConfigurationList section */
	};
	rootObject = F418C3431C160EF00063A112 /* Project object */;
}
